// !$*UTF8*$!
{
	archiveVersion = 1;
	classes = {
	};
	objectVersion = 46;
	objects = {

/* Begin PBXBuildFile section */
		4A0378DB1A92A412000D5B7C /* main.m in Sources */ = {isa = PBXBuildFile; fileRef = 4A0378DA1A92A412000D5B7C /* main.m */; };
		4A0378DE1A92A412000D5B7C /* AppDelegate.m in Sources */ = {isa = PBXBuildFile; fileRef = 4A0378DD1A92A412000D5B7C /* AppDelegate.m */; };
		4A0378E61A92A412000D5B7C /* Images.xcassets in Resources */ = {isa = PBXBuildFile; fileRef = 4A0378E51A92A412000D5B7C /* Images.xcassets */; };
		4A0378E91A92A412000D5B7C /* LaunchScreen.xib in Resources */ = {isa = PBXBuildFile; fileRef = 4A0378E71A92A412000D5B7C /* LaunchScreen.xib */; };
		4A12A3971A92B69900255534 /* UIColor+Flat.m in Sources */ = {isa = PBXBuildFile; fileRef = 4A12A3961A92B69900255534 /* UIColor+Flat.m */; };
		4A12A39B1A92BF7400255534 /* left_filled-99-2.png in Resources */ = {isa = PBXBuildFile; fileRef = 4A12A3981A92BF7400255534 /* left_filled-99-2.png */; };
		4A12A39C1A92BF7400255534 /* left_filled-66-2.png in Resources */ = {isa = PBXBuildFile; fileRef = 4A12A3991A92BF7400255534 /* left_filled-66-2.png */; };
		4A12A39D1A92BF7400255534 /* left_filled-33-2.png in Resources */ = {isa = PBXBuildFile; fileRef = 4A12A39A1A92BF7400255534 /* left_filled-33-2.png */; };
		4A12A3A81A92E48400255534 /* RKDropdownAlert.m in Sources */ = {isa = PBXBuildFile; fileRef = 4A12A3A71A92E48400255534 /* RKDropdownAlert.m */; };
		4A1969E91AC33F43001AA6E9 /* StoreKit.framework in Frameworks */ = {isa = PBXBuildFile; fileRef = 4A1969E81AC33F43001AA6E9 /* StoreKit.framework */; };
		4A1969EF1AC33FA4001AA6E9 /* ZSSPurchaseViewController.m in Sources */ = {isa = PBXBuildFile; fileRef = 4A1969ED1AC33FA4001AA6E9 /* ZSSPurchaseViewController.m */; };
		4A1969F01AC33FA4001AA6E9 /* ZSSPurchaseViewController.xib in Resources */ = {isa = PBXBuildFile; fileRef = 4A1969EE1AC33FA4001AA6E9 /* ZSSPurchaseViewController.xib */; };
		4A32DD4C1A95950800449F95 /* github.png in Resources */ = {isa = PBXBuildFile; fileRef = 4A32DD471A95950800449F95 /* github.png */; };
		4A32DD4D1A95950800449F95 /* instagram.png in Resources */ = {isa = PBXBuildFile; fileRef = 4A32DD481A95950800449F95 /* instagram.png */; };
		4A32DD4E1A95950800449F95 /* pinterest.png in Resources */ = {isa = PBXBuildFile; fileRef = 4A32DD491A95950800449F95 /* pinterest.png */; };
		4A32DD4F1A95950800449F95 /* tumblr.png in Resources */ = {isa = PBXBuildFile; fileRef = 4A32DD4A1A95950800449F95 /* tumblr.png */; };
		4A32DD501A95950800449F95 /* twitter.png in Resources */ = {isa = PBXBuildFile; fileRef = 4A32DD4B1A95950800449F95 /* twitter.png */; };
		4A44AA921AC5BE3F001AE1D8 /* CoreMotion.framework in Frameworks */ = {isa = PBXBuildFile; fileRef = 4A44AA911AC5BE3F001AE1D8 /* CoreMotion.framework */; };
		4A49DAF01A92E9B800C17370 /* Keys.plist in Resources */ = {isa = PBXBuildFile; fileRef = 4A49DAEF1A92E9B800C17370 /* Keys.plist */; };
		4A49DB0B1A9371F000C17370 /* ZSSSearchUsernameTableViewController.m in Sources */ = {isa = PBXBuildFile; fileRef = 4A49DB0A1A9371F000C17370 /* ZSSSearchUsernameTableViewController.m */; };
		4A6EAA041A92A6A4007ADFF8 /* ZSSNetworkTableViewCell.m in Sources */ = {isa = PBXBuildFile; fileRef = 4A6EA9FF1A92A6A4007ADFF8 /* ZSSNetworkTableViewCell.m */; };
		4A6EAA051A92A6A4007ADFF8 /* ZSSNetworkTableViewCell.xib in Resources */ = {isa = PBXBuildFile; fileRef = 4A6EAA001A92A6A4007ADFF8 /* ZSSNetworkTableViewCell.xib */; };
		4A6EAA061A92A6A4007ADFF8 /* ZSSUsernameTableViewCell.m in Sources */ = {isa = PBXBuildFile; fileRef = 4A6EAA021A92A6A4007ADFF8 /* ZSSUsernameTableViewCell.m */; };
		4A6EAA071A92A6A4007ADFF8 /* ZSSUsernameTableViewCell.xib in Resources */ = {isa = PBXBuildFile; fileRef = 4A6EAA031A92A6A4007ADFF8 /* ZSSUsernameTableViewCell.xib */; };
		4A6EAA0C1A92A6C2007ADFF8 /* ZSSCloudQuerier.m in Sources */ = {isa = PBXBuildFile; fileRef = 4A6EAA0B1A92A6C2007ADFF8 /* ZSSCloudQuerier.m */; };
		4A89EA131ACCB13A0094A75C /* ZSSNetworkSelectCell.m in Sources */ = {isa = PBXBuildFile; fileRef = 4A89EA111ACCB13A0094A75C /* ZSSNetworkSelectCell.m */; };
		4A89EA141ACCB13A0094A75C /* ZSSNetworkSelectCell.xib in Resources */ = {isa = PBXBuildFile; fileRef = 4A89EA121ACCB13A0094A75C /* ZSSNetworkSelectCell.xib */; };
		4A89EA161ACCB4160094A75C /* iPhoneIcon@3x.png in Resources */ = {isa = PBXBuildFile; fileRef = 4A89EA151ACCB4160094A75C /* iPhoneIcon@3x.png */; };
		4A99A0DE1ADC5BAE00EDE154 /* Alibaba.png in Resources */ = {isa = PBXBuildFile; fileRef = 4A99A0AB1ADC5BAE00EDE154 /* Alibaba.png */; };
		4A99A0DF1ADC5BAE00EDE154 /* Aviary.png in Resources */ = {isa = PBXBuildFile; fileRef = 4A99A0AC1ADC5BAE00EDE154 /* Aviary.png */; };
		4A99A0E01ADC5BAE00EDE154 /* Badoo.png in Resources */ = {isa = PBXBuildFile; fileRef = 4A99A0AD1ADC5BAE00EDE154 /* Badoo.png */; };
		4A99A0E11ADC5BAE00EDE154 /* BandCamp.png in Resources */ = {isa = PBXBuildFile; fileRef = 4A99A0AE1ADC5BAE00EDE154 /* BandCamp.png */; };
		4A99A0E21ADC5BAE00EDE154 /* Beatport.jpg in Resources */ = {isa = PBXBuildFile; fileRef = 4A99A0AF1ADC5BAE00EDE154 /* Beatport.jpg */; };
		4A99A0E31ADC5BAE00EDE154 /* BitLy.png in Resources */ = {isa = PBXBuildFile; fileRef = 4A99A0B01ADC5BAE00EDE154 /* BitLy.png */; };
		4A99A0E41ADC5BAE00EDE154 /* BlinkList.png in Resources */ = {isa = PBXBuildFile; fileRef = 4A99A0B11ADC5BAE00EDE154 /* BlinkList.png */; };
		4A99A0E51ADC5BAE00EDE154 /* BlipFM.png in Resources */ = {isa = PBXBuildFile; fileRef = 4A99A0B21ADC5BAE00EDE154 /* BlipFM.png */; };
		4A99A0E61ADC5BAE00EDE154 /* BlipTV.png in Resources */ = {isa = PBXBuildFile; fileRef = 4A99A0B31ADC5BAE00EDE154 /* BlipTV.png */; };
		4A99A0E71ADC5BAE00EDE154 /* Blogger.jpg in Resources */ = {isa = PBXBuildFile; fileRef = 4A99A0B41ADC5BAE00EDE154 /* Blogger.jpg */; };
		4A99A0E81ADC5BAE00EDE154 /* BuzzFeed.png in Resources */ = {isa = PBXBuildFile; fileRef = 4A99A0B51ADC5BAE00EDE154 /* BuzzFeed.png */; };
		4A99A0E91ADC5BAE00EDE154 /* Buzznet.png in Resources */ = {isa = PBXBuildFile; fileRef = 4A99A0B61ADC5BAE00EDE154 /* Buzznet.png */; };
		4A99A0EA1ADC5BAE00EDE154 /* CafeMom.jpg in Resources */ = {isa = PBXBuildFile; fileRef = 4A99A0B71ADC5BAE00EDE154 /* CafeMom.jpg */; };
		4A99A0EB1ADC5BAE00EDE154 /* Delicious.png in Resources */ = {isa = PBXBuildFile; fileRef = 4A99A0B81ADC5BAE00EDE154 /* Delicious.png */; };
		4A99A0EC1ADC5BAE00EDE154 /* Digg.jpg in Resources */ = {isa = PBXBuildFile; fileRef = 4A99A0B91ADC5BAE00EDE154 /* Digg.jpg */; };
		4A99A0ED1ADC5BAE00EDE154 /* Disqus.svg in Resources */ = {isa = PBXBuildFile; fileRef = 4A99A0BA1ADC5BAE00EDE154 /* Disqus.svg */; };
		4A99A0EE1ADC5BAE00EDE154 /* Elance.jpg in Resources */ = {isa = PBXBuildFile; fileRef = 4A99A0BB1ADC5BAE00EDE154 /* Elance.jpg */; };
		4A99A0EF1ADC5BAE00EDE154 /* Fanpop.jpg in Resources */ = {isa = PBXBuildFile; fileRef = 4A99A0BC1ADC5BAE00EDE154 /* Fanpop.jpg */; };
		4A99A0F01ADC5BAE00EDE154 /* Flavors.png in Resources */ = {isa = PBXBuildFile; fileRef = 4A99A0BD1ADC5BAE00EDE154 /* Flavors.png */; };
		4A99A0F11ADC5BAE00EDE154 /* FoodSpotting.png in Resources */ = {isa = PBXBuildFile; fileRef = 4A99A0BE1ADC5BAE00EDE154 /* FoodSpotting.png */; };
		4A99A0F21ADC5BAE00EDE154 /* Fotolog.jpg in Resources */ = {isa = PBXBuildFile; fileRef = 4A99A0BF1ADC5BAE00EDE154 /* Fotolog.jpg */; };
		4A99A0F31ADC5BAE00EDE154 /* FourSquare.png in Resources */ = {isa = PBXBuildFile; fileRef = 4A99A0C01ADC5BAE00EDE154 /* FourSquare.png */; };
		4A99A0F41ADC5BAE00EDE154 /* GogoBot.jpg in Resources */ = {isa = PBXBuildFile; fileRef = 4A99A0C11ADC5BAE00EDE154 /* GogoBot.jpg */; };
		4A99A0F51ADC5BAE00EDE154 /* HackerNews.ico in Resources */ = {isa = PBXBuildFile; fileRef = 4A99A0C21ADC5BAE00EDE154 /* HackerNews.ico */; };
		4A99A0F61ADC5BAE00EDE154 /* HubPages.gif in Resources */ = {isa = PBXBuildFile; fileRef = 4A99A0C31ADC5BAE00EDE154 /* HubPages.gif */; };
		4A99A0F71ADC5BAE00EDE154 /* Hulu.png in Resources */ = {isa = PBXBuildFile; fileRef = 4A99A0C41ADC5BAE00EDE154 /* Hulu.png */; };
		4A99A0F81ADC5BAE00EDE154 /* ImageShack.png in Resources */ = {isa = PBXBuildFile; fileRef = 4A99A0C51ADC5BAE00EDE154 /* ImageShack.png */; };
		4A99A0F91ADC5BAE00EDE154 /* Instructables.png in Resources */ = {isa = PBXBuildFile; fileRef = 4A99A0C61ADC5BAE00EDE154 /* Instructables.png */; };
		4A99A0FA1ADC5BAE00EDE154 /* Kaboodle.png in Resources */ = {isa = PBXBuildFile; fileRef = 4A99A0C71ADC5BAE00EDE154 /* Kaboodle.png */; };
		4A99A0FB1ADC5BAE00EDE154 /* Kongregate.png in Resources */ = {isa = PBXBuildFile; fileRef = 4A99A0C81ADC5BAE00EDE154 /* Kongregate.png */; };
		4A99A0FC1ADC5BAE00EDE154 /* LastFM.png in Resources */ = {isa = PBXBuildFile; fileRef = 4A99A0C91ADC5BAE00EDE154 /* LastFM.png */; };
		4A99A0FD1ADC5BAE00EDE154 /* LinkedIn.png in Resources */ = {isa = PBXBuildFile; fileRef = 4A99A0CA1ADC5BAE00EDE154 /* LinkedIn.png */; };
		4A99A0FE1ADC5BAE00EDE154 /* LiveJournal.png in Resources */ = {isa = PBXBuildFile; fileRef = 4A99A0CB1ADC5BAE00EDE154 /* LiveJournal.png */; };
		4A99A0FF1ADC5BAE00EDE154 /* LiveLeak.png in Resources */ = {isa = PBXBuildFile; fileRef = 4A99A0CC1ADC5BAE00EDE154 /* LiveLeak.png */; };
		4A99A1001ADC5BAE00EDE154 /* MySpace.png in Resources */ = {isa = PBXBuildFile; fileRef = 4A99A0CD1ADC5BAE00EDE154 /* MySpace.png */; };
		4A99A1011ADC5BAE00EDE154 /* Netvibes.png in Resources */ = {isa = PBXBuildFile; fileRef = 4A99A0CE1ADC5BAE00EDE154 /* Netvibes.png */; };
		4A99A1021ADC5BAE00EDE154 /* Plancast.jpeg in Resources */ = {isa = PBXBuildFile; fileRef = 4A99A0CF1ADC5BAE00EDE154 /* Plancast.jpeg */; };
		4A99A1031ADC5BAE00EDE154 /* PlayStationNetwork.jpg in Resources */ = {isa = PBXBuildFile; fileRef = 4A99A0D01ADC5BAE00EDE154 /* PlayStationNetwork.jpg */; };
		4A99A1041ADC5BAE00EDE154 /* Scribd.png in Resources */ = {isa = PBXBuildFile; fileRef = 4A99A0D11ADC5BAE00EDE154 /* Scribd.png */; };
		4A99A1051ADC5BAE00EDE154 /* Slack.jpeg in Resources */ = {isa = PBXBuildFile; fileRef = 4A99A0D21ADC5BAE00EDE154 /* Slack.jpeg */; };
		4A99A1061ADC5BAE00EDE154 /* SoupIO.png in Resources */ = {isa = PBXBuildFile; fileRef = 4A99A0D31ADC5BAE00EDE154 /* SoupIO.png */; };
		4A99A1071ADC5BAE00EDE154 /* Steam.jpeg in Resources */ = {isa = PBXBuildFile; fileRef = 4A99A0D41ADC5BAE00EDE154 /* Steam.jpeg */; };
		4A99A1081ADC5BAE00EDE154 /* StumbleUpon.png in Resources */ = {isa = PBXBuildFile; fileRef = 4A99A0D51ADC5BAE00EDE154 /* StumbleUpon.png */; };
		4A99A1091ADC5BAE00EDE154 /* Technorati.png in Resources */ = {isa = PBXBuildFile; fileRef = 4A99A0D61ADC5BAE00EDE154 /* Technorati.png */; };
		4A99A10A1ADC5BAE00EDE154 /* TripAdvisor.png in Resources */ = {isa = PBXBuildFile; fileRef = 4A99A0D71ADC5BAE00EDE154 /* TripAdvisor.png */; };
		4A99A10B1ADC5BAE00EDE154 /* Tripit.png in Resources */ = {isa = PBXBuildFile; fileRef = 4A99A0D81ADC5BAE00EDE154 /* Tripit.png */; };
		4A99A10C1ADC5BAE00EDE154 /* UStream.png in Resources */ = {isa = PBXBuildFile; fileRef = 4A99A0D91ADC5BAE00EDE154 /* UStream.png */; };
		4A99A10D1ADC5BAE00EDE154 /* Viddler.png in Resources */ = {isa = PBXBuildFile; fileRef = 4A99A0DA1ADC5BAE00EDE154 /* Viddler.png */; };
		4A99A10E1ADC5BAE00EDE154 /* WeFollow.png in Resources */ = {isa = PBXBuildFile; fileRef = 4A99A0DB1ADC5BAE00EDE154 /* WeFollow.png */; };
		4A99A10F1ADC5BAE00EDE154 /* Xanga.jpg in Resources */ = {isa = PBXBuildFile; fileRef = 4A99A0DC1ADC5BAE00EDE154 /* Xanga.jpg */; };
		4A99A1101ADC5BAE00EDE154 /* XboxGamertag.jpg in Resources */ = {isa = PBXBuildFile; fileRef = 4A99A0DD1ADC5BAE00EDE154 /* XboxGamertag.jpg */; };
		4A99A1121ADC5DB100EDE154 /* Blogger.png in Resources */ = {isa = PBXBuildFile; fileRef = 4A99A1111ADC5DB100EDE154 /* Blogger.png */; };
		4A99A11A1ADC5E0000EDE154 /* Beatport.png in Resources */ = {isa = PBXBuildFile; fileRef = 4A99A1131ADC5E0000EDE154 /* Beatport.png */; };
		4A99A11B1ADC5E0000EDE154 /* CafeMom.png in Resources */ = {isa = PBXBuildFile; fileRef = 4A99A1141ADC5E0000EDE154 /* CafeMom.png */; };
		4A99A11C1ADC5E0000EDE154 /* Fotolog.png in Resources */ = {isa = PBXBuildFile; fileRef = 4A99A1151ADC5E0000EDE154 /* Fotolog.png */; };
		4A99A11D1ADC5E0000EDE154 /* GogoBot.png in Resources */ = {isa = PBXBuildFile; fileRef = 4A99A1161ADC5E0000EDE154 /* GogoBot.png */; };
		4A99A11E1ADC5E0000EDE154 /* PlayStationNetwork.png in Resources */ = {isa = PBXBuildFile; fileRef = 4A99A1171ADC5E0000EDE154 /* PlayStationNetwork.png */; };
		4A99A11F1ADC5E0000EDE154 /* Xanga.png in Resources */ = {isa = PBXBuildFile; fileRef = 4A99A1181ADC5E0000EDE154 /* Xanga.png */; };
		4A99A1201ADC5E0000EDE154 /* XboxGamertag.png in Resources */ = {isa = PBXBuildFile; fileRef = 4A99A1191ADC5E0000EDE154 /* XboxGamertag.png */; };
		4A99A1241ADC5E4100EDE154 /* Plancast.png in Resources */ = {isa = PBXBuildFile; fileRef = 4A99A1211ADC5E4100EDE154 /* Plancast.png */; };
		4A99A1251ADC5E4100EDE154 /* Slack.png in Resources */ = {isa = PBXBuildFile; fileRef = 4A99A1221ADC5E4100EDE154 /* Slack.png */; };
		4A99A1261ADC5E4100EDE154 /* Steam.png in Resources */ = {isa = PBXBuildFile; fileRef = 4A99A1231ADC5E4100EDE154 /* Steam.png */; };
		4A99A12F1ADC5FEF00EDE154 /* Digg.png in Resources */ = {isa = PBXBuildFile; fileRef = 4A99A1271ADC5FEF00EDE154 /* Digg.png */; };
		4A99A1301ADC5FEF00EDE154 /* Disqus.png in Resources */ = {isa = PBXBuildFile; fileRef = 4A99A1281ADC5FEF00EDE154 /* Disqus.png */; };
		4A99A1311ADC5FEF00EDE154 /* Elance.png in Resources */ = {isa = PBXBuildFile; fileRef = 4A99A1291ADC5FEF00EDE154 /* Elance.png */; };
		4A99A1321ADC5FEF00EDE154 /* Fanpop.png in Resources */ = {isa = PBXBuildFile; fileRef = 4A99A12A1ADC5FEF00EDE154 /* Fanpop.png */; };
		4A99A1331ADC5FEF00EDE154 /* Fotolog.png in Resources */ = {isa = PBXBuildFile; fileRef = 4A99A12B1ADC5FEF00EDE154 /* Fotolog.png */; };
		4A99A1341ADC5FEF00EDE154 /* HackerNews.png in Resources */ = {isa = PBXBuildFile; fileRef = 4A99A12C1ADC5FEF00EDE154 /* HackerNews.png */; };
		4A99A1351ADC5FEF00EDE154 /* HubPages.png in Resources */ = {isa = PBXBuildFile; fileRef = 4A99A12D1ADC5FEF00EDE154 /* HubPages.png */; };
		4A99A1361ADC5FEF00EDE154 /* Photobucket.png in Resources */ = {isa = PBXBuildFile; fileRef = 4A99A12E1ADC5FEF00EDE154 /* Photobucket.png */; };
		4AA5BB341AC0487500CE458A /* ZSSNetworkQuerier.m in Sources */ = {isa = PBXBuildFile; fileRef = 4AA5BB331AC0487500CE458A /* ZSSNetworkQuerier.m */; };
		4AA5BB371AC060EB00CE458A /* ZSSNetworkSettingsTableViewController.m in Sources */ = {isa = PBXBuildFile; fileRef = 4AA5BB361AC060EB00CE458A /* ZSSNetworkSettingsTableViewController.m */; };
		4AB2F1ED1AC18D0B0066090A /* Settings Filled-99.png in Resources */ = {isa = PBXBuildFile; fileRef = 4AB2F1EA1AC18D0B0066090A /* Settings Filled-99.png */; };
		4AB2F1EE1AC18D0B0066090A /* Settings Filled-66.png in Resources */ = {isa = PBXBuildFile; fileRef = 4AB2F1EB1AC18D0B0066090A /* Settings Filled-66.png */; };
		4AB2F1EF1AC18D0B0066090A /* Settings Filled-33-2.png in Resources */ = {isa = PBXBuildFile; fileRef = 4AB2F1EC1AC18D0B0066090A /* Settings Filled-33-2.png */; };
		4AB2F1F21AC19A350066090A /* UIImage+Logos.m in Sources */ = {isa = PBXBuildFile; fileRef = 4AB2F1F11AC19A350066090A /* UIImage+Logos.m */; };
		4AC2B2051AC06966006B2EEE /* ebay.png in Resources */ = {isa = PBXBuildFile; fileRef = 4AC2B2041AC06966006B2EEE /* ebay.png */; };
		4AC2B2071AC06976006B2EEE /* dribbble.png in Resources */ = {isa = PBXBuildFile; fileRef = 4AC2B2061AC06976006B2EEE /* dribbble.png */; };
		4AC2B2091AC06998006B2EEE /* behance.png in Resources */ = {isa = PBXBuildFile; fileRef = 4AC2B2081AC06998006B2EEE /* behance.png */; };
		4AC2B2151AC069F2006B2EEE /* deviantart.png in Resources */ = {isa = PBXBuildFile; fileRef = 4AC2B20A1AC069F2006B2EEE /* deviantart.png */; };
		4AC2B2161AC069F2006B2EEE /* etsy.png in Resources */ = {isa = PBXBuildFile; fileRef = 4AC2B20B1AC069F2006B2EEE /* etsy.png */; };
		4AC2B2171AC069F2006B2EEE /* flickr.png in Resources */ = {isa = PBXBuildFile; fileRef = 4AC2B20C1AC069F2006B2EEE /* flickr.png */; };
		4AC2B2181AC069F2006B2EEE /* googleplus.png in Resources */ = {isa = PBXBuildFile; fileRef = 4AC2B20D1AC069F2006B2EEE /* googleplus.png */; };
		4AC2B2191AC069F2006B2EEE /* kickstarter.png in Resources */ = {isa = PBXBuildFile; fileRef = 4AC2B20E1AC069F2006B2EEE /* kickstarter.png */; };
		4AC2B21A1AC069F2006B2EEE /* reddit.png in Resources */ = {isa = PBXBuildFile; fileRef = 4AC2B20F1AC069F2006B2EEE /* reddit.png */; };
		4AC2B21B1AC069F2006B2EEE /* soundcloud.png in Resources */ = {isa = PBXBuildFile; fileRef = 4AC2B2101AC069F2006B2EEE /* soundcloud.png */; };
		4AC2B21C1AC069F2006B2EEE /* spotify.png in Resources */ = {isa = PBXBuildFile; fileRef = 4AC2B2111AC069F2006B2EEE /* spotify.png */; };
		4AC2B21D1AC069F2006B2EEE /* vimeo.png in Resources */ = {isa = PBXBuildFile; fileRef = 4AC2B2121AC069F2006B2EEE /* vimeo.png */; };
		4AC2B21E1AC069F2006B2EEE /* wordpress.png in Resources */ = {isa = PBXBuildFile; fileRef = 4AC2B2131AC069F2006B2EEE /* wordpress.png */; };
		4AC2B21F1AC069F2006B2EEE /* youtube.png in Resources */ = {isa = PBXBuildFile; fileRef = 4AC2B2141AC069F2006B2EEE /* youtube.png */; };
		4AC2B2211AC06A76006B2EEE /* imgur.png in Resources */ = {isa = PBXBuildFile; fileRef = 4AC2B2201AC06A76006B2EEE /* imgur.png */; };
		4AC2B2231AC06AB3006B2EEE /* gravatar.jpg in Resources */ = {isa = PBXBuildFile; fileRef = 4AC2B2221AC06AB3006B2EEE /* gravatar.jpg */; };
		4AC2B2251AC06ACD006B2EEE /* aboutme.png in Resources */ = {isa = PBXBuildFile; fileRef = 4AC2B2241AC06ACD006B2EEE /* aboutme.png */; };
		4AC2B2271AC06B22006B2EEE /* kickasstorrents.png in Resources */ = {isa = PBXBuildFile; fileRef = 4AC2B2261AC06B22006B2EEE /* kickasstorrents.png */; };
		4AC2B22E1AC07F0B006B2EEE /* verge.png in Resources */ = {isa = PBXBuildFile; fileRef = 4AC2B2281AC07F0B006B2EEE /* verge.png */; };
		4AC2B22F1AC07F0B006B2EEE /* icon.png in Resources */ = {isa = PBXBuildFile; fileRef = 4AC2B2291AC07F0B006B2EEE /* icon.png */; };
		4AC2B2301AC07F0B006B2EEE /* ign.jpg in Resources */ = {isa = PBXBuildFile; fileRef = 4AC2B22A1AC07F0B006B2EEE /* ign.jpg */; };
		4AC2B2311AC07F0B006B2EEE /* WikipediaW.png in Resources */ = {isa = PBXBuildFile; fileRef = 4AC2B22B1AC07F0B006B2EEE /* WikipediaW.png */; };
		4AC2B2321AC07F0B006B2EEE /* lifehacker.png in Resources */ = {isa = PBXBuildFile; fileRef = 4AC2B22C1AC07F0B006B2EEE /* lifehacker.png */; };
		4AC2B2331AC07F0B006B2EEE /* Twitch.png in Resources */ = {isa = PBXBuildFile; fileRef = 4AC2B22D1AC07F0B006B2EEE /* Twitch.png */; };
		4AC2B2351AC082B8006B2EEE /* piratebay.png in Resources */ = {isa = PBXBuildFile; fileRef = 4AC2B2341AC082B8006B2EEE /* piratebay.png */; };
		4AC2B2371AC08321006B2EEE /* okcupid.png in Resources */ = {isa = PBXBuildFile; fileRef = 4AC2B2361AC08321006B2EEE /* okcupid.png */; };
		4ACF03A01AC4CEF600AF5D69 /* IAPHelper.m in Sources */ = {isa = PBXBuildFile; fileRef = 4ACF039F1AC4CEF600AF5D69 /* IAPHelper.m */; };
		4ACF03A31AC4D02E00AF5D69 /* ZSSIAPHelper.m in Sources */ = {isa = PBXBuildFile; fileRef = 4ACF03A21AC4D02E00AF5D69 /* ZSSIAPHelper.m */; };
		4ADB73AD1A942C0000BB053D /* ZSSSearchTableViewCell.m in Sources */ = {isa = PBXBuildFile; fileRef = 4ADB73AB1A942C0000BB053D /* ZSSSearchTableViewCell.m */; };
		4ADB73AE1A942C0000BB053D /* ZSSSearchTableViewCell.xib in Resources */ = {isa = PBXBuildFile; fileRef = 4ADB73AC1A942C0000BB053D /* ZSSSearchTableViewCell.xib */; };
		4ADB73BF1A94307500BB053D /* Cancel-33.png in Resources */ = {isa = PBXBuildFile; fileRef = 4ADB73B91A94307500BB053D /* Cancel-33.png */; };
		4ADB73C01A94307500BB053D /* Cancel-66.png in Resources */ = {isa = PBXBuildFile; fileRef = 4ADB73BA1A94307500BB053D /* Cancel-66.png */; };
		4ADB73C11A94307500BB053D /* Cancel-99.png in Resources */ = {isa = PBXBuildFile; fileRef = 4ADB73BB1A94307500BB053D /* Cancel-99.png */; };
		4ADB73C21A94307500BB053D /* Checkmark-33.png in Resources */ = {isa = PBXBuildFile; fileRef = 4ADB73BC1A94307500BB053D /* Checkmark-33.png */; };
		4ADB73C31A94307500BB053D /* Checkmark-66.png in Resources */ = {isa = PBXBuildFile; fileRef = 4ADB73BD1A94307500BB053D /* Checkmark-66.png */; };
		4ADB73C41A94307500BB053D /* Checkmark-99.png in Resources */ = {isa = PBXBuildFile; fileRef = 4ADB73BE1A94307500BB053D /* Checkmark-99.png */; };
		4AE792721AC30CC9009C1788 /* ZSSPurchaseQuerier.m in Sources */ = {isa = PBXBuildFile; fileRef = 4AE792711AC30CC9009C1788 /* ZSSPurchaseQuerier.m */; };
		8A081AF137F5AF7E32595036 /* libPods-Get Short Usernames.a in Frameworks */ = {isa = PBXBuildFile; fileRef = 8D7440ADF92BDA8898962290 /* libPods-Get Short Usernames.a */; };
/* End PBXBuildFile section */

/* Begin PBXCopyFilesBuildPhase section */
		4A1952D01AC5E09D00C9F544 /* Embed App Extensions */ = {
			isa = PBXCopyFilesBuildPhase;
			buildActionMask = 2147483647;
			dstPath = "";
			dstSubfolderSpec = 13;
			files = (
			);
			name = "Embed App Extensions";
			runOnlyForDeploymentPostprocessing = 0;
		};
/* End PBXCopyFilesBuildPhase section */

/* Begin PBXFileReference section */
		1281F4DACB9D04259C957572 /* Pods-Get Short UsernamesTests.debug.xcconfig */ = {isa = PBXFileReference; includeInIndex = 1; lastKnownFileType = text.xcconfig; name = "Pods-Get Short UsernamesTests.debug.xcconfig"; path = "Pods/Target Support Files/Pods-Get Short UsernamesTests/Pods-Get Short UsernamesTests.debug.xcconfig"; sourceTree = "<group>"; };
		1FE7CAE41E574B6F093BE6DB /* libPods-Get Short UsernamesTests.a */ = {isa = PBXFileReference; explicitFileType = archive.ar; includeInIndex = 0; path = "libPods-Get Short UsernamesTests.a"; sourceTree = BUILT_PRODUCTS_DIR; };
		4A0378D51A92A412000D5B7C /* Usernames.app */ = {isa = PBXFileReference; explicitFileType = wrapper.application; includeInIndex = 0; path = Usernames.app; sourceTree = BUILT_PRODUCTS_DIR; };
		4A0378D91A92A412000D5B7C /* Info.plist */ = {isa = PBXFileReference; lastKnownFileType = text.plist.xml; path = Info.plist; sourceTree = "<group>"; };
		4A0378DA1A92A412000D5B7C /* main.m */ = {isa = PBXFileReference; lastKnownFileType = sourcecode.c.objc; path = main.m; sourceTree = "<group>"; };
		4A0378DC1A92A412000D5B7C /* AppDelegate.h */ = {isa = PBXFileReference; lastKnownFileType = sourcecode.c.h; path = AppDelegate.h; sourceTree = "<group>"; };
		4A0378DD1A92A412000D5B7C /* AppDelegate.m */ = {isa = PBXFileReference; lastKnownFileType = sourcecode.c.objc; path = AppDelegate.m; sourceTree = "<group>"; };
		4A0378E51A92A412000D5B7C /* Images.xcassets */ = {isa = PBXFileReference; lastKnownFileType = folder.assetcatalog; path = Images.xcassets; sourceTree = "<group>"; };
		4A0378E81A92A412000D5B7C /* Base */ = {isa = PBXFileReference; lastKnownFileType = file.xib; name = Base; path = Base.lproj/LaunchScreen.xib; sourceTree = "<group>"; };
		4A0378F31A92A413000D5B7C /* Info.plist */ = {isa = PBXFileReference; lastKnownFileType = text.plist.xml; path = Info.plist; sourceTree = "<group>"; };
		4A0378F41A92A413000D5B7C /* Get_Short_UsernamesTests.m */ = {isa = PBXFileReference; lastKnownFileType = sourcecode.c.objc; path = Get_Short_UsernamesTests.m; sourceTree = "<group>"; };
		4A12A3951A92B69900255534 /* UIColor+Flat.h */ = {isa = PBXFileReference; fileEncoding = 4; lastKnownFileType = sourcecode.c.h; path = "UIColor+Flat.h"; sourceTree = "<group>"; };
		4A12A3961A92B69900255534 /* UIColor+Flat.m */ = {isa = PBXFileReference; fileEncoding = 4; lastKnownFileType = sourcecode.c.objc; path = "UIColor+Flat.m"; sourceTree = "<group>"; };
		4A12A3981A92BF7400255534 /* left_filled-99-2.png */ = {isa = PBXFileReference; lastKnownFileType = image.png; path = "left_filled-99-2.png"; sourceTree = "<group>"; };
		4A12A3991A92BF7400255534 /* left_filled-66-2.png */ = {isa = PBXFileReference; lastKnownFileType = image.png; path = "left_filled-66-2.png"; sourceTree = "<group>"; };
		4A12A39A1A92BF7400255534 /* left_filled-33-2.png */ = {isa = PBXFileReference; lastKnownFileType = image.png; path = "left_filled-33-2.png"; sourceTree = "<group>"; };
		4A12A3A61A92E48400255534 /* RKDropdownAlert.h */ = {isa = PBXFileReference; fileEncoding = 4; lastKnownFileType = sourcecode.c.h; path = RKDropdownAlert.h; sourceTree = "<group>"; };
		4A12A3A71A92E48400255534 /* RKDropdownAlert.m */ = {isa = PBXFileReference; fileEncoding = 4; lastKnownFileType = sourcecode.c.objc; path = RKDropdownAlert.m; sourceTree = "<group>"; };
		4A1969E81AC33F43001AA6E9 /* StoreKit.framework */ = {isa = PBXFileReference; lastKnownFileType = wrapper.framework; name = StoreKit.framework; path = System/Library/Frameworks/StoreKit.framework; sourceTree = SDKROOT; };
		4A1969EC1AC33FA4001AA6E9 /* ZSSPurchaseViewController.h */ = {isa = PBXFileReference; fileEncoding = 4; lastKnownFileType = sourcecode.c.h; path = ZSSPurchaseViewController.h; sourceTree = "<group>"; };
		4A1969ED1AC33FA4001AA6E9 /* ZSSPurchaseViewController.m */ = {isa = PBXFileReference; fileEncoding = 4; lastKnownFileType = sourcecode.c.objc; path = ZSSPurchaseViewController.m; sourceTree = "<group>"; };
		4A1969EE1AC33FA4001AA6E9 /* ZSSPurchaseViewController.xib */ = {isa = PBXFileReference; fileEncoding = 4; lastKnownFileType = file.xib; path = ZSSPurchaseViewController.xib; sourceTree = "<group>"; };
		4A32DD471A95950800449F95 /* github.png */ = {isa = PBXFileReference; lastKnownFileType = image.png; name = github.png; path = "../../../../../Downloads/somacro__45_300dpi_social_media_icons_by_vervex-d4fj7q9/border/github.png"; sourceTree = "<group>"; };
		4A32DD481A95950800449F95 /* instagram.png */ = {isa = PBXFileReference; lastKnownFileType = image.png; name = instagram.png; path = "../../../../../Downloads/somacro__45_300dpi_social_media_icons_by_vervex-d4fj7q9/border/instagram.png"; sourceTree = "<group>"; };
		4A32DD491A95950800449F95 /* pinterest.png */ = {isa = PBXFileReference; lastKnownFileType = image.png; name = pinterest.png; path = "../../../../../Downloads/somacro__45_300dpi_social_media_icons_by_vervex-d4fj7q9/border/pinterest.png"; sourceTree = "<group>"; };
		4A32DD4A1A95950800449F95 /* tumblr.png */ = {isa = PBXFileReference; lastKnownFileType = image.png; name = tumblr.png; path = "../../../../../Downloads/somacro__45_300dpi_social_media_icons_by_vervex-d4fj7q9/border/tumblr.png"; sourceTree = "<group>"; };
		4A32DD4B1A95950800449F95 /* twitter.png */ = {isa = PBXFileReference; lastKnownFileType = image.png; name = twitter.png; path = "../../../../../Downloads/somacro__45_300dpi_social_media_icons_by_vervex-d4fj7q9/border/twitter.png"; sourceTree = "<group>"; };
		4A44AA911AC5BE3F001AE1D8 /* CoreMotion.framework */ = {isa = PBXFileReference; lastKnownFileType = wrapper.framework; name = CoreMotion.framework; path = System/Library/Frameworks/CoreMotion.framework; sourceTree = SDKROOT; };
		4A49DAEF1A92E9B800C17370 /* Keys.plist */ = {isa = PBXFileReference; fileEncoding = 4; lastKnownFileType = text.plist.xml; path = Keys.plist; sourceTree = "<group>"; };
		4A49DB091A9371F000C17370 /* ZSSSearchUsernameTableViewController.h */ = {isa = PBXFileReference; fileEncoding = 4; lastKnownFileType = sourcecode.c.h; path = ZSSSearchUsernameTableViewController.h; sourceTree = "<group>"; };
		4A49DB0A1A9371F000C17370 /* ZSSSearchUsernameTableViewController.m */ = {isa = PBXFileReference; fileEncoding = 4; lastKnownFileType = sourcecode.c.objc; path = ZSSSearchUsernameTableViewController.m; sourceTree = "<group>"; };
		4A6EA9FE1A92A6A4007ADFF8 /* ZSSNetworkTableViewCell.h */ = {isa = PBXFileReference; fileEncoding = 4; lastKnownFileType = sourcecode.c.h; path = ZSSNetworkTableViewCell.h; sourceTree = "<group>"; };
		4A6EA9FF1A92A6A4007ADFF8 /* ZSSNetworkTableViewCell.m */ = {isa = PBXFileReference; fileEncoding = 4; lastKnownFileType = sourcecode.c.objc; path = ZSSNetworkTableViewCell.m; sourceTree = "<group>"; };
		4A6EAA001A92A6A4007ADFF8 /* ZSSNetworkTableViewCell.xib */ = {isa = PBXFileReference; fileEncoding = 4; lastKnownFileType = file.xib; path = ZSSNetworkTableViewCell.xib; sourceTree = "<group>"; };
		4A6EAA011A92A6A4007ADFF8 /* ZSSUsernameTableViewCell.h */ = {isa = PBXFileReference; fileEncoding = 4; lastKnownFileType = sourcecode.c.h; path = ZSSUsernameTableViewCell.h; sourceTree = "<group>"; };
		4A6EAA021A92A6A4007ADFF8 /* ZSSUsernameTableViewCell.m */ = {isa = PBXFileReference; fileEncoding = 4; lastKnownFileType = sourcecode.c.objc; path = ZSSUsernameTableViewCell.m; sourceTree = "<group>"; };
		4A6EAA031A92A6A4007ADFF8 /* ZSSUsernameTableViewCell.xib */ = {isa = PBXFileReference; fileEncoding = 4; lastKnownFileType = file.xib; path = ZSSUsernameTableViewCell.xib; sourceTree = "<group>"; };
		4A6EAA0A1A92A6C2007ADFF8 /* ZSSCloudQuerier.h */ = {isa = PBXFileReference; fileEncoding = 4; lastKnownFileType = sourcecode.c.h; path = ZSSCloudQuerier.h; sourceTree = "<group>"; };
		4A6EAA0B1A92A6C2007ADFF8 /* ZSSCloudQuerier.m */ = {isa = PBXFileReference; fileEncoding = 4; lastKnownFileType = sourcecode.c.objc; path = ZSSCloudQuerier.m; sourceTree = "<group>"; };
		4A89EA101ACCB13A0094A75C /* ZSSNetworkSelectCell.h */ = {isa = PBXFileReference; fileEncoding = 4; lastKnownFileType = sourcecode.c.h; path = ZSSNetworkSelectCell.h; sourceTree = "<group>"; };
		4A89EA111ACCB13A0094A75C /* ZSSNetworkSelectCell.m */ = {isa = PBXFileReference; fileEncoding = 4; lastKnownFileType = sourcecode.c.objc; path = ZSSNetworkSelectCell.m; sourceTree = "<group>"; };
		4A89EA121ACCB13A0094A75C /* ZSSNetworkSelectCell.xib */ = {isa = PBXFileReference; fileEncoding = 4; lastKnownFileType = file.xib; path = ZSSNetworkSelectCell.xib; sourceTree = "<group>"; };
		4A89EA151ACCB4160094A75C /* iPhoneIcon@3x.png */ = {isa = PBXFileReference; lastKnownFileType = image.png; name = "iPhoneIcon@3x.png"; path = "images/icons/iPhoneIcon@3x.png"; sourceTree = SOURCE_ROOT; };
		4A99A0AB1ADC5BAE00EDE154 /* Alibaba.png */ = {isa = PBXFileReference; lastKnownFileType = image.png; name = Alibaba.png; path = images/logos/Alibaba.png; sourceTree = SOURCE_ROOT; };
		4A99A0AC1ADC5BAE00EDE154 /* Aviary.png */ = {isa = PBXFileReference; lastKnownFileType = image.png; name = Aviary.png; path = images/logos/Aviary.png; sourceTree = SOURCE_ROOT; };
		4A99A0AD1ADC5BAE00EDE154 /* Badoo.png */ = {isa = PBXFileReference; lastKnownFileType = image.png; name = Badoo.png; path = images/logos/Badoo.png; sourceTree = SOURCE_ROOT; };
		4A99A0AE1ADC5BAE00EDE154 /* BandCamp.png */ = {isa = PBXFileReference; lastKnownFileType = image.png; name = BandCamp.png; path = images/logos/BandCamp.png; sourceTree = SOURCE_ROOT; };
		4A99A0AF1ADC5BAE00EDE154 /* Beatport.jpg */ = {isa = PBXFileReference; lastKnownFileType = image.jpeg; name = Beatport.jpg; path = images/logos/Beatport.jpg; sourceTree = SOURCE_ROOT; };
		4A99A0B01ADC5BAE00EDE154 /* BitLy.png */ = {isa = PBXFileReference; lastKnownFileType = image.png; name = BitLy.png; path = images/logos/BitLy.png; sourceTree = SOURCE_ROOT; };
		4A99A0B11ADC5BAE00EDE154 /* BlinkList.png */ = {isa = PBXFileReference; lastKnownFileType = image.png; name = BlinkList.png; path = images/logos/BlinkList.png; sourceTree = SOURCE_ROOT; };
		4A99A0B21ADC5BAE00EDE154 /* BlipFM.png */ = {isa = PBXFileReference; lastKnownFileType = image.png; name = BlipFM.png; path = images/logos/BlipFM.png; sourceTree = SOURCE_ROOT; };
		4A99A0B31ADC5BAE00EDE154 /* BlipTV.png */ = {isa = PBXFileReference; lastKnownFileType = image.png; name = BlipTV.png; path = images/logos/BlipTV.png; sourceTree = SOURCE_ROOT; };
		4A99A0B41ADC5BAE00EDE154 /* Blogger.jpg */ = {isa = PBXFileReference; lastKnownFileType = image.jpeg; name = Blogger.jpg; path = images/logos/Blogger.jpg; sourceTree = SOURCE_ROOT; };
		4A99A0B51ADC5BAE00EDE154 /* BuzzFeed.png */ = {isa = PBXFileReference; lastKnownFileType = image.png; name = BuzzFeed.png; path = images/logos/BuzzFeed.png; sourceTree = SOURCE_ROOT; };
		4A99A0B61ADC5BAE00EDE154 /* Buzznet.png */ = {isa = PBXFileReference; lastKnownFileType = image.png; name = Buzznet.png; path = images/logos/Buzznet.png; sourceTree = SOURCE_ROOT; };
		4A99A0B71ADC5BAE00EDE154 /* CafeMom.jpg */ = {isa = PBXFileReference; lastKnownFileType = image.jpeg; name = CafeMom.jpg; path = images/logos/CafeMom.jpg; sourceTree = SOURCE_ROOT; };
		4A99A0B81ADC5BAE00EDE154 /* Delicious.png */ = {isa = PBXFileReference; lastKnownFileType = image.png; name = Delicious.png; path = images/logos/Delicious.png; sourceTree = SOURCE_ROOT; };
		4A99A0B91ADC5BAE00EDE154 /* Digg.jpg */ = {isa = PBXFileReference; lastKnownFileType = image.jpeg; name = Digg.jpg; path = images/logos/Digg.jpg; sourceTree = SOURCE_ROOT; };
		4A99A0BA1ADC5BAE00EDE154 /* Disqus.svg */ = {isa = PBXFileReference; fileEncoding = 4; lastKnownFileType = text.xml; name = Disqus.svg; path = images/logos/Disqus.svg; sourceTree = SOURCE_ROOT; };
		4A99A0BB1ADC5BAE00EDE154 /* Elance.jpg */ = {isa = PBXFileReference; lastKnownFileType = image.jpeg; name = Elance.jpg; path = images/logos/Elance.jpg; sourceTree = SOURCE_ROOT; };
		4A99A0BC1ADC5BAE00EDE154 /* Fanpop.jpg */ = {isa = PBXFileReference; lastKnownFileType = image.jpeg; name = Fanpop.jpg; path = images/logos/Fanpop.jpg; sourceTree = SOURCE_ROOT; };
		4A99A0BD1ADC5BAE00EDE154 /* Flavors.png */ = {isa = PBXFileReference; lastKnownFileType = image.png; name = Flavors.png; path = images/logos/Flavors.png; sourceTree = SOURCE_ROOT; };
		4A99A0BE1ADC5BAE00EDE154 /* FoodSpotting.png */ = {isa = PBXFileReference; lastKnownFileType = image.png; name = FoodSpotting.png; path = images/logos/FoodSpotting.png; sourceTree = SOURCE_ROOT; };
		4A99A0BF1ADC5BAE00EDE154 /* Fotolog.jpg */ = {isa = PBXFileReference; lastKnownFileType = image.jpeg; name = Fotolog.jpg; path = images/logos/Fotolog.jpg; sourceTree = SOURCE_ROOT; };
		4A99A0C01ADC5BAE00EDE154 /* FourSquare.png */ = {isa = PBXFileReference; lastKnownFileType = image.png; name = FourSquare.png; path = images/logos/FourSquare.png; sourceTree = SOURCE_ROOT; };
		4A99A0C11ADC5BAE00EDE154 /* GogoBot.jpg */ = {isa = PBXFileReference; lastKnownFileType = image.jpeg; name = GogoBot.jpg; path = images/logos/GogoBot.jpg; sourceTree = SOURCE_ROOT; };
		4A99A0C21ADC5BAE00EDE154 /* HackerNews.ico */ = {isa = PBXFileReference; lastKnownFileType = image.ico; name = HackerNews.ico; path = images/logos/HackerNews.ico; sourceTree = SOURCE_ROOT; };
		4A99A0C31ADC5BAE00EDE154 /* HubPages.gif */ = {isa = PBXFileReference; lastKnownFileType = image.gif; name = HubPages.gif; path = images/logos/HubPages.gif; sourceTree = SOURCE_ROOT; };
		4A99A0C41ADC5BAE00EDE154 /* Hulu.png */ = {isa = PBXFileReference; lastKnownFileType = image.png; name = Hulu.png; path = images/logos/Hulu.png; sourceTree = SOURCE_ROOT; };
		4A99A0C51ADC5BAE00EDE154 /* ImageShack.png */ = {isa = PBXFileReference; lastKnownFileType = image.png; name = ImageShack.png; path = images/logos/ImageShack.png; sourceTree = SOURCE_ROOT; };
		4A99A0C61ADC5BAE00EDE154 /* Instructables.png */ = {isa = PBXFileReference; lastKnownFileType = image.png; name = Instructables.png; path = images/logos/Instructables.png; sourceTree = SOURCE_ROOT; };
		4A99A0C71ADC5BAE00EDE154 /* Kaboodle.png */ = {isa = PBXFileReference; lastKnownFileType = image.png; name = Kaboodle.png; path = images/logos/Kaboodle.png; sourceTree = SOURCE_ROOT; };
		4A99A0C81ADC5BAE00EDE154 /* Kongregate.png */ = {isa = PBXFileReference; lastKnownFileType = image.png; name = Kongregate.png; path = images/logos/Kongregate.png; sourceTree = SOURCE_ROOT; };
		4A99A0C91ADC5BAE00EDE154 /* LastFM.png */ = {isa = PBXFileReference; lastKnownFileType = image.png; name = LastFM.png; path = images/logos/LastFM.png; sourceTree = SOURCE_ROOT; };
		4A99A0CA1ADC5BAE00EDE154 /* LinkedIn.png */ = {isa = PBXFileReference; lastKnownFileType = image.png; name = LinkedIn.png; path = images/logos/LinkedIn.png; sourceTree = SOURCE_ROOT; };
		4A99A0CB1ADC5BAE00EDE154 /* LiveJournal.png */ = {isa = PBXFileReference; lastKnownFileType = image.png; name = LiveJournal.png; path = images/logos/LiveJournal.png; sourceTree = SOURCE_ROOT; };
		4A99A0CC1ADC5BAE00EDE154 /* LiveLeak.png */ = {isa = PBXFileReference; lastKnownFileType = image.png; name = LiveLeak.png; path = images/logos/LiveLeak.png; sourceTree = SOURCE_ROOT; };
		4A99A0CD1ADC5BAE00EDE154 /* MySpace.png */ = {isa = PBXFileReference; lastKnownFileType = image.png; name = MySpace.png; path = images/logos/MySpace.png; sourceTree = SOURCE_ROOT; };
		4A99A0CE1ADC5BAE00EDE154 /* Netvibes.png */ = {isa = PBXFileReference; lastKnownFileType = image.png; name = Netvibes.png; path = images/logos/Netvibes.png; sourceTree = SOURCE_ROOT; };
		4A99A0CF1ADC5BAE00EDE154 /* Plancast.jpeg */ = {isa = PBXFileReference; lastKnownFileType = image.jpeg; name = Plancast.jpeg; path = images/logos/Plancast.jpeg; sourceTree = SOURCE_ROOT; };
		4A99A0D01ADC5BAE00EDE154 /* PlayStationNetwork.jpg */ = {isa = PBXFileReference; lastKnownFileType = image.jpeg; name = PlayStationNetwork.jpg; path = images/logos/PlayStationNetwork.jpg; sourceTree = SOURCE_ROOT; };
		4A99A0D11ADC5BAE00EDE154 /* Scribd.png */ = {isa = PBXFileReference; lastKnownFileType = image.png; name = Scribd.png; path = images/logos/Scribd.png; sourceTree = SOURCE_ROOT; };
		4A99A0D21ADC5BAE00EDE154 /* Slack.jpeg */ = {isa = PBXFileReference; lastKnownFileType = image.jpeg; name = Slack.jpeg; path = images/logos/Slack.jpeg; sourceTree = SOURCE_ROOT; };
		4A99A0D31ADC5BAE00EDE154 /* SoupIO.png */ = {isa = PBXFileReference; lastKnownFileType = image.png; name = SoupIO.png; path = images/logos/SoupIO.png; sourceTree = SOURCE_ROOT; };
		4A99A0D41ADC5BAE00EDE154 /* Steam.jpeg */ = {isa = PBXFileReference; lastKnownFileType = image.jpeg; name = Steam.jpeg; path = images/logos/Steam.jpeg; sourceTree = SOURCE_ROOT; };
		4A99A0D51ADC5BAE00EDE154 /* StumbleUpon.png */ = {isa = PBXFileReference; lastKnownFileType = image.png; name = StumbleUpon.png; path = images/logos/StumbleUpon.png; sourceTree = SOURCE_ROOT; };
		4A99A0D61ADC5BAE00EDE154 /* Technorati.png */ = {isa = PBXFileReference; lastKnownFileType = image.png; name = Technorati.png; path = images/logos/Technorati.png; sourceTree = SOURCE_ROOT; };
		4A99A0D71ADC5BAE00EDE154 /* TripAdvisor.png */ = {isa = PBXFileReference; lastKnownFileType = image.png; name = TripAdvisor.png; path = images/logos/TripAdvisor.png; sourceTree = SOURCE_ROOT; };
		4A99A0D81ADC5BAE00EDE154 /* Tripit.png */ = {isa = PBXFileReference; lastKnownFileType = image.png; name = Tripit.png; path = images/logos/Tripit.png; sourceTree = SOURCE_ROOT; };
		4A99A0D91ADC5BAE00EDE154 /* UStream.png */ = {isa = PBXFileReference; lastKnownFileType = image.png; name = UStream.png; path = images/logos/UStream.png; sourceTree = SOURCE_ROOT; };
		4A99A0DA1ADC5BAE00EDE154 /* Viddler.png */ = {isa = PBXFileReference; lastKnownFileType = image.png; name = Viddler.png; path = images/logos/Viddler.png; sourceTree = SOURCE_ROOT; };
		4A99A0DB1ADC5BAE00EDE154 /* WeFollow.png */ = {isa = PBXFileReference; lastKnownFileType = image.png; name = WeFollow.png; path = images/logos/WeFollow.png; sourceTree = SOURCE_ROOT; };
		4A99A0DC1ADC5BAE00EDE154 /* Xanga.jpg */ = {isa = PBXFileReference; lastKnownFileType = image.jpeg; name = Xanga.jpg; path = images/logos/Xanga.jpg; sourceTree = SOURCE_ROOT; };
		4A99A0DD1ADC5BAE00EDE154 /* XboxGamertag.jpg */ = {isa = PBXFileReference; lastKnownFileType = image.jpeg; name = XboxGamertag.jpg; path = images/logos/XboxGamertag.jpg; sourceTree = SOURCE_ROOT; };
		4A99A1111ADC5DB100EDE154 /* Blogger.png */ = {isa = PBXFileReference; lastKnownFileType = image.png; name = Blogger.png; path = images/logos/Blogger.png; sourceTree = SOURCE_ROOT; };
		4A99A1131ADC5E0000EDE154 /* Beatport.png */ = {isa = PBXFileReference; lastKnownFileType = image.png; name = Beatport.png; path = images/logos/Beatport.png; sourceTree = SOURCE_ROOT; };
		4A99A1141ADC5E0000EDE154 /* CafeMom.png */ = {isa = PBXFileReference; lastKnownFileType = image.png; name = CafeMom.png; path = images/logos/CafeMom.png; sourceTree = SOURCE_ROOT; };
		4A99A1151ADC5E0000EDE154 /* Fotolog.png */ = {isa = PBXFileReference; lastKnownFileType = image.png; name = Fotolog.png; path = images/logos/Fotolog.png; sourceTree = SOURCE_ROOT; };
		4A99A1161ADC5E0000EDE154 /* GogoBot.png */ = {isa = PBXFileReference; lastKnownFileType = image.png; name = GogoBot.png; path = images/logos/GogoBot.png; sourceTree = SOURCE_ROOT; };
		4A99A1171ADC5E0000EDE154 /* PlayStationNetwork.png */ = {isa = PBXFileReference; lastKnownFileType = image.png; name = PlayStationNetwork.png; path = images/logos/PlayStationNetwork.png; sourceTree = SOURCE_ROOT; };
		4A99A1181ADC5E0000EDE154 /* Xanga.png */ = {isa = PBXFileReference; lastKnownFileType = image.png; name = Xanga.png; path = images/logos/Xanga.png; sourceTree = SOURCE_ROOT; };
		4A99A1191ADC5E0000EDE154 /* XboxGamertag.png */ = {isa = PBXFileReference; lastKnownFileType = image.png; name = XboxGamertag.png; path = images/logos/XboxGamertag.png; sourceTree = SOURCE_ROOT; };
		4A99A1211ADC5E4100EDE154 /* Plancast.png */ = {isa = PBXFileReference; lastKnownFileType = image.png; name = Plancast.png; path = images/logos/Plancast.png; sourceTree = SOURCE_ROOT; };
		4A99A1221ADC5E4100EDE154 /* Slack.png */ = {isa = PBXFileReference; lastKnownFileType = image.png; name = Slack.png; path = images/logos/Slack.png; sourceTree = SOURCE_ROOT; };
		4A99A1231ADC5E4100EDE154 /* Steam.png */ = {isa = PBXFileReference; lastKnownFileType = image.png; name = Steam.png; path = images/logos/Steam.png; sourceTree = SOURCE_ROOT; };
		4A99A1271ADC5FEF00EDE154 /* Digg.png */ = {isa = PBXFileReference; lastKnownFileType = image.png; name = Digg.png; path = images/logos/Digg.png; sourceTree = SOURCE_ROOT; };
		4A99A1281ADC5FEF00EDE154 /* Disqus.png */ = {isa = PBXFileReference; lastKnownFileType = image.png; name = Disqus.png; path = images/logos/Disqus.png; sourceTree = SOURCE_ROOT; };
		4A99A1291ADC5FEF00EDE154 /* Elance.png */ = {isa = PBXFileReference; lastKnownFileType = image.png; name = Elance.png; path = images/logos/Elance.png; sourceTree = SOURCE_ROOT; };
		4A99A12A1ADC5FEF00EDE154 /* Fanpop.png */ = {isa = PBXFileReference; lastKnownFileType = image.png; name = Fanpop.png; path = images/logos/Fanpop.png; sourceTree = SOURCE_ROOT; };
		4A99A12B1ADC5FEF00EDE154 /* Fotolog.png */ = {isa = PBXFileReference; lastKnownFileType = image.png; name = Fotolog.png; path = images/logos/Fotolog.png; sourceTree = SOURCE_ROOT; };
		4A99A12C1ADC5FEF00EDE154 /* HackerNews.png */ = {isa = PBXFileReference; lastKnownFileType = image.png; name = HackerNews.png; path = images/logos/HackerNews.png; sourceTree = SOURCE_ROOT; };
		4A99A12D1ADC5FEF00EDE154 /* HubPages.png */ = {isa = PBXFileReference; lastKnownFileType = image.png; name = HubPages.png; path = images/logos/HubPages.png; sourceTree = SOURCE_ROOT; };
		4A99A12E1ADC5FEF00EDE154 /* Photobucket.png */ = {isa = PBXFileReference; lastKnownFileType = image.png; name = Photobucket.png; path = images/logos/Photobucket.png; sourceTree = SOURCE_ROOT; };
		4AA5BB321AC0487500CE458A /* ZSSNetworkQuerier.h */ = {isa = PBXFileReference; fileEncoding = 4; lastKnownFileType = sourcecode.c.h; path = ZSSNetworkQuerier.h; sourceTree = "<group>"; };
		4AA5BB331AC0487500CE458A /* ZSSNetworkQuerier.m */ = {isa = PBXFileReference; fileEncoding = 4; lastKnownFileType = sourcecode.c.objc; path = ZSSNetworkQuerier.m; sourceTree = "<group>"; };
		4AA5BB351AC060EB00CE458A /* ZSSNetworkSettingsTableViewController.h */ = {isa = PBXFileReference; fileEncoding = 4; lastKnownFileType = sourcecode.c.h; path = ZSSNetworkSettingsTableViewController.h; sourceTree = "<group>"; };
		4AA5BB361AC060EB00CE458A /* ZSSNetworkSettingsTableViewController.m */ = {isa = PBXFileReference; fileEncoding = 4; lastKnownFileType = sourcecode.c.objc; path = ZSSNetworkSettingsTableViewController.m; sourceTree = "<group>"; };
		4AB2F1EA1AC18D0B0066090A /* Settings Filled-99.png */ = {isa = PBXFileReference; lastKnownFileType = image.png; path = "Settings Filled-99.png"; sourceTree = "<group>"; };
		4AB2F1EB1AC18D0B0066090A /* Settings Filled-66.png */ = {isa = PBXFileReference; lastKnownFileType = image.png; path = "Settings Filled-66.png"; sourceTree = "<group>"; };
		4AB2F1EC1AC18D0B0066090A /* Settings Filled-33-2.png */ = {isa = PBXFileReference; lastKnownFileType = image.png; path = "Settings Filled-33-2.png"; sourceTree = "<group>"; };
		4AB2F1F01AC19A350066090A /* UIImage+Logos.h */ = {isa = PBXFileReference; fileEncoding = 4; lastKnownFileType = sourcecode.c.h; path = "UIImage+Logos.h"; sourceTree = "<group>"; };
		4AB2F1F11AC19A350066090A /* UIImage+Logos.m */ = {isa = PBXFileReference; fileEncoding = 4; lastKnownFileType = sourcecode.c.objc; path = "UIImage+Logos.m"; sourceTree = "<group>"; };
		4AC2B2041AC06966006B2EEE /* ebay.png */ = {isa = PBXFileReference; lastKnownFileType = image.png; path = ebay.png; sourceTree = "<group>"; };
		4AC2B2061AC06976006B2EEE /* dribbble.png */ = {isa = PBXFileReference; lastKnownFileType = image.png; path = dribbble.png; sourceTree = "<group>"; };
		4AC2B2081AC06998006B2EEE /* behance.png */ = {isa = PBXFileReference; lastKnownFileType = image.png; path = behance.png; sourceTree = "<group>"; };
		4AC2B20A1AC069F2006B2EEE /* deviantart.png */ = {isa = PBXFileReference; lastKnownFileType = image.png; path = deviantart.png; sourceTree = "<group>"; };
		4AC2B20B1AC069F2006B2EEE /* etsy.png */ = {isa = PBXFileReference; lastKnownFileType = image.png; path = etsy.png; sourceTree = "<group>"; };
		4AC2B20C1AC069F2006B2EEE /* flickr.png */ = {isa = PBXFileReference; lastKnownFileType = image.png; path = flickr.png; sourceTree = "<group>"; };
		4AC2B20D1AC069F2006B2EEE /* googleplus.png */ = {isa = PBXFileReference; lastKnownFileType = image.png; path = googleplus.png; sourceTree = "<group>"; };
		4AC2B20E1AC069F2006B2EEE /* kickstarter.png */ = {isa = PBXFileReference; lastKnownFileType = image.png; path = kickstarter.png; sourceTree = "<group>"; };
		4AC2B20F1AC069F2006B2EEE /* reddit.png */ = {isa = PBXFileReference; lastKnownFileType = image.png; path = reddit.png; sourceTree = "<group>"; };
		4AC2B2101AC069F2006B2EEE /* soundcloud.png */ = {isa = PBXFileReference; lastKnownFileType = image.png; path = soundcloud.png; sourceTree = "<group>"; };
		4AC2B2111AC069F2006B2EEE /* spotify.png */ = {isa = PBXFileReference; lastKnownFileType = image.png; path = spotify.png; sourceTree = "<group>"; };
		4AC2B2121AC069F2006B2EEE /* vimeo.png */ = {isa = PBXFileReference; lastKnownFileType = image.png; path = vimeo.png; sourceTree = "<group>"; };
		4AC2B2131AC069F2006B2EEE /* wordpress.png */ = {isa = PBXFileReference; lastKnownFileType = image.png; path = wordpress.png; sourceTree = "<group>"; };
		4AC2B2141AC069F2006B2EEE /* youtube.png */ = {isa = PBXFileReference; lastKnownFileType = image.png; path = youtube.png; sourceTree = "<group>"; };
		4AC2B2201AC06A76006B2EEE /* imgur.png */ = {isa = PBXFileReference; lastKnownFileType = image.png; path = imgur.png; sourceTree = "<group>"; };
		4AC2B2221AC06AB3006B2EEE /* gravatar.jpg */ = {isa = PBXFileReference; lastKnownFileType = image.jpeg; path = gravatar.jpg; sourceTree = "<group>"; };
		4AC2B2241AC06ACD006B2EEE /* aboutme.png */ = {isa = PBXFileReference; lastKnownFileType = image.png; path = aboutme.png; sourceTree = "<group>"; };
		4AC2B2261AC06B22006B2EEE /* kickasstorrents.png */ = {isa = PBXFileReference; lastKnownFileType = image.png; path = kickasstorrents.png; sourceTree = "<group>"; };
		4AC2B2281AC07F0B006B2EEE /* verge.png */ = {isa = PBXFileReference; lastKnownFileType = image.png; path = verge.png; sourceTree = "<group>"; };
		4AC2B2291AC07F0B006B2EEE /* icon.png */ = {isa = PBXFileReference; lastKnownFileType = image.png; path = icon.png; sourceTree = "<group>"; };
		4AC2B22A1AC07F0B006B2EEE /* ign.jpg */ = {isa = PBXFileReference; lastKnownFileType = image.jpeg; path = ign.jpg; sourceTree = "<group>"; };
		4AC2B22B1AC07F0B006B2EEE /* WikipediaW.png */ = {isa = PBXFileReference; lastKnownFileType = image.png; path = WikipediaW.png; sourceTree = "<group>"; };
		4AC2B22C1AC07F0B006B2EEE /* lifehacker.png */ = {isa = PBXFileReference; lastKnownFileType = image.png; path = lifehacker.png; sourceTree = "<group>"; };
		4AC2B22D1AC07F0B006B2EEE /* Twitch.png */ = {isa = PBXFileReference; lastKnownFileType = image.png; path = Twitch.png; sourceTree = "<group>"; };
		4AC2B2341AC082B8006B2EEE /* piratebay.png */ = {isa = PBXFileReference; lastKnownFileType = image.png; path = piratebay.png; sourceTree = "<group>"; };
		4AC2B2361AC08321006B2EEE /* okcupid.png */ = {isa = PBXFileReference; lastKnownFileType = image.png; path = okcupid.png; sourceTree = "<group>"; };
		4ACF039E1AC4CEF600AF5D69 /* IAPHelper.h */ = {isa = PBXFileReference; fileEncoding = 4; lastKnownFileType = sourcecode.c.h; path = IAPHelper.h; sourceTree = "<group>"; };
		4ACF039F1AC4CEF600AF5D69 /* IAPHelper.m */ = {isa = PBXFileReference; fileEncoding = 4; lastKnownFileType = sourcecode.c.objc; path = IAPHelper.m; sourceTree = "<group>"; };
		4ACF03A11AC4D02E00AF5D69 /* ZSSIAPHelper.h */ = {isa = PBXFileReference; fileEncoding = 4; lastKnownFileType = sourcecode.c.h; path = ZSSIAPHelper.h; sourceTree = "<group>"; };
		4ACF03A21AC4D02E00AF5D69 /* ZSSIAPHelper.m */ = {isa = PBXFileReference; fileEncoding = 4; lastKnownFileType = sourcecode.c.objc; path = ZSSIAPHelper.m; sourceTree = "<group>"; };
		4ADB73AA1A942C0000BB053D /* ZSSSearchTableViewCell.h */ = {isa = PBXFileReference; fileEncoding = 4; lastKnownFileType = sourcecode.c.h; path = ZSSSearchTableViewCell.h; sourceTree = "<group>"; };
		4ADB73AB1A942C0000BB053D /* ZSSSearchTableViewCell.m */ = {isa = PBXFileReference; fileEncoding = 4; lastKnownFileType = sourcecode.c.objc; path = ZSSSearchTableViewCell.m; sourceTree = "<group>"; };
		4ADB73AC1A942C0000BB053D /* ZSSSearchTableViewCell.xib */ = {isa = PBXFileReference; fileEncoding = 4; lastKnownFileType = file.xib; path = ZSSSearchTableViewCell.xib; sourceTree = "<group>"; };
		4ADB73B91A94307500BB053D /* Cancel-33.png */ = {isa = PBXFileReference; lastKnownFileType = image.png; name = "Cancel-33.png"; path = "images/icons/Cancel-33.png"; sourceTree = SOURCE_ROOT; };
		4ADB73BA1A94307500BB053D /* Cancel-66.png */ = {isa = PBXFileReference; lastKnownFileType = image.png; name = "Cancel-66.png"; path = "images/icons/Cancel-66.png"; sourceTree = SOURCE_ROOT; };
		4ADB73BB1A94307500BB053D /* Cancel-99.png */ = {isa = PBXFileReference; lastKnownFileType = image.png; name = "Cancel-99.png"; path = "images/icons/Cancel-99.png"; sourceTree = SOURCE_ROOT; };
		4ADB73BC1A94307500BB053D /* Checkmark-33.png */ = {isa = PBXFileReference; lastKnownFileType = image.png; name = "Checkmark-33.png"; path = "images/icons/Checkmark-33.png"; sourceTree = SOURCE_ROOT; };
		4ADB73BD1A94307500BB053D /* Checkmark-66.png */ = {isa = PBXFileReference; lastKnownFileType = image.png; name = "Checkmark-66.png"; path = "images/icons/Checkmark-66.png"; sourceTree = SOURCE_ROOT; };
		4ADB73BE1A94307500BB053D /* Checkmark-99.png */ = {isa = PBXFileReference; lastKnownFileType = image.png; name = "Checkmark-99.png"; path = "images/icons/Checkmark-99.png"; sourceTree = SOURCE_ROOT; };
		4AE792701AC30CC9009C1788 /* ZSSPurchaseQuerier.h */ = {isa = PBXFileReference; fileEncoding = 4; lastKnownFileType = sourcecode.c.h; path = ZSSPurchaseQuerier.h; sourceTree = "<group>"; };
		4AE792711AC30CC9009C1788 /* ZSSPurchaseQuerier.m */ = {isa = PBXFileReference; fileEncoding = 4; lastKnownFileType = sourcecode.c.objc; path = ZSSPurchaseQuerier.m; sourceTree = "<group>"; };
		85422DE9F116E552BA43C7C9 /* Pods-Get Short Usernames.release.xcconfig */ = {isa = PBXFileReference; includeInIndex = 1; lastKnownFileType = text.xcconfig; name = "Pods-Get Short Usernames.release.xcconfig"; path = "Pods/Target Support Files/Pods-Get Short Usernames/Pods-Get Short Usernames.release.xcconfig"; sourceTree = "<group>"; };
		8D7440ADF92BDA8898962290 /* libPods-Get Short Usernames.a */ = {isa = PBXFileReference; explicitFileType = archive.ar; includeInIndex = 0; path = "libPods-Get Short Usernames.a"; sourceTree = BUILT_PRODUCTS_DIR; };
		90D491E524F833C3F4F060B9 /* Pods-Get Short UsernamesTests.release.xcconfig */ = {isa = PBXFileReference; includeInIndex = 1; lastKnownFileType = text.xcconfig; name = "Pods-Get Short UsernamesTests.release.xcconfig"; path = "Pods/Target Support Files/Pods-Get Short UsernamesTests/Pods-Get Short UsernamesTests.release.xcconfig"; sourceTree = "<group>"; };
		FFA06A8E52BBB22393803699 /* Pods-Get Short Usernames.debug.xcconfig */ = {isa = PBXFileReference; includeInIndex = 1; lastKnownFileType = text.xcconfig; name = "Pods-Get Short Usernames.debug.xcconfig"; path = "Pods/Target Support Files/Pods-Get Short Usernames/Pods-Get Short Usernames.debug.xcconfig"; sourceTree = "<group>"; };
/* End PBXFileReference section */

/* Begin PBXFrameworksBuildPhase section */
		4A0378D21A92A412000D5B7C /* Frameworks */ = {
			isa = PBXFrameworksBuildPhase;
			buildActionMask = 2147483647;
			files = (
				4A44AA921AC5BE3F001AE1D8 /* CoreMotion.framework in Frameworks */,
				4A1969E91AC33F43001AA6E9 /* StoreKit.framework in Frameworks */,
				8A081AF137F5AF7E32595036 /* libPods-Get Short Usernames.a in Frameworks */,
			);
			runOnlyForDeploymentPostprocessing = 0;
		};
/* End PBXFrameworksBuildPhase section */

/* Begin PBXGroup section */
		18BC671BB4AE0A4069025870 /* Frameworks */ = {
			isa = PBXGroup;
			children = (
				4A44AA911AC5BE3F001AE1D8 /* CoreMotion.framework */,
				4A1969E81AC33F43001AA6E9 /* StoreKit.framework */,
				8D7440ADF92BDA8898962290 /* libPods-Get Short Usernames.a */,
				1FE7CAE41E574B6F093BE6DB /* libPods-Get Short UsernamesTests.a */,
			);
			name = Frameworks;
			sourceTree = "<group>";
		};
		4A0378CC1A92A412000D5B7C = {
			isa = PBXGroup;
			children = (
				4A0378D71A92A412000D5B7C /* Get Short Usernames */,
				4A0378F11A92A413000D5B7C /* Get Short UsernamesTests */,
				4A0378D61A92A412000D5B7C /* Products */,
				F7B86E0B0D712F3B273DCDC1 /* Pods */,
				18BC671BB4AE0A4069025870 /* Frameworks */,
			);
			sourceTree = "<group>";
		};
		4A0378D61A92A412000D5B7C /* Products */ = {
			isa = PBXGroup;
			children = (
				4A0378D51A92A412000D5B7C /* Usernames.app */,
			);
			name = Products;
			sourceTree = "<group>";
		};
		4A0378D71A92A412000D5B7C /* Get Short Usernames */ = {
			isa = PBXGroup;
			children = (
				4ADB73A91A942BE000BB053D /* Images */,
				4A6EAA091A92A6B1007ADFF8 /* Tables */,
				4A6EAA081A92A6A9007ADFF8 /* Cells */,
				4A0378DC1A92A412000D5B7C /* AppDelegate.h */,
				4A0378DD1A92A412000D5B7C /* AppDelegate.m */,
				4A6EAA0A1A92A6C2007ADFF8 /* ZSSCloudQuerier.h */,
				4A6EAA0B1A92A6C2007ADFF8 /* ZSSCloudQuerier.m */,
				4AA5BB321AC0487500CE458A /* ZSSNetworkQuerier.h */,
				4AA5BB331AC0487500CE458A /* ZSSNetworkQuerier.m */,
				4AE792701AC30CC9009C1788 /* ZSSPurchaseQuerier.h */,
				4AE792711AC30CC9009C1788 /* ZSSPurchaseQuerier.m */,
				4A0378E51A92A412000D5B7C /* Images.xcassets */,
				4A0378E71A92A412000D5B7C /* LaunchScreen.xib */,
				4A0378D81A92A412000D5B7C /* Supporting Files */,
			);
			path = "Get Short Usernames";
			sourceTree = "<group>";
		};
		4A0378D81A92A412000D5B7C /* Supporting Files */ = {
			isa = PBXGroup;
			children = (
				4A49DAEF1A92E9B800C17370 /* Keys.plist */,
				4AB2F1F01AC19A350066090A /* UIImage+Logos.h */,
				4AB2F1F11AC19A350066090A /* UIImage+Logos.m */,
				4A12A3A61A92E48400255534 /* RKDropdownAlert.h */,
				4A12A3A71A92E48400255534 /* RKDropdownAlert.m */,
				4A12A3951A92B69900255534 /* UIColor+Flat.h */,
				4A12A3961A92B69900255534 /* UIColor+Flat.m */,
				4A0378D91A92A412000D5B7C /* Info.plist */,
				4A0378DA1A92A412000D5B7C /* main.m */,
			);
			name = "Supporting Files";
			sourceTree = "<group>";
		};
		4A0378F11A92A413000D5B7C /* Get Short UsernamesTests */ = {
			isa = PBXGroup;
			children = (
				4A0378F41A92A413000D5B7C /* Get_Short_UsernamesTests.m */,
				4A0378F21A92A413000D5B7C /* Supporting Files */,
			);
			path = "Get Short UsernamesTests";
			sourceTree = "<group>";
		};
		4A0378F21A92A413000D5B7C /* Supporting Files */ = {
			isa = PBXGroup;
			children = (
				4A0378F31A92A413000D5B7C /* Info.plist */,
			);
			name = "Supporting Files";
			sourceTree = "<group>";
		};
		4A1969EB1AC33F86001AA6E9 /* Search VC */ = {
			isa = PBXGroup;
			children = (
				4A49DB091A9371F000C17370 /* ZSSSearchUsernameTableViewController.h */,
				4A49DB0A1A9371F000C17370 /* ZSSSearchUsernameTableViewController.m */,
				4A1969EC1AC33FA4001AA6E9 /* ZSSPurchaseViewController.h */,
				4A1969ED1AC33FA4001AA6E9 /* ZSSPurchaseViewController.m */,
				4A1969EE1AC33FA4001AA6E9 /* ZSSPurchaseViewController.xib */,
				4ACF039E1AC4CEF600AF5D69 /* IAPHelper.h */,
				4ACF039F1AC4CEF600AF5D69 /* IAPHelper.m */,
				4ACF03A11AC4D02E00AF5D69 /* ZSSIAPHelper.h */,
				4ACF03A21AC4D02E00AF5D69 /* ZSSIAPHelper.m */,
			);
			name = "Search VC";
			sourceTree = "<group>";
		};
		4A6EAA081A92A6A9007ADFF8 /* Cells */ = {
			isa = PBXGroup;
			children = (
				4A89EA101ACCB13A0094A75C /* ZSSNetworkSelectCell.h */,
				4A89EA111ACCB13A0094A75C /* ZSSNetworkSelectCell.m */,
				4A89EA121ACCB13A0094A75C /* ZSSNetworkSelectCell.xib */,
				4A6EA9FE1A92A6A4007ADFF8 /* ZSSNetworkTableViewCell.h */,
				4A6EA9FF1A92A6A4007ADFF8 /* ZSSNetworkTableViewCell.m */,
				4A6EAA001A92A6A4007ADFF8 /* ZSSNetworkTableViewCell.xib */,
				4A6EAA011A92A6A4007ADFF8 /* ZSSUsernameTableViewCell.h */,
				4A6EAA021A92A6A4007ADFF8 /* ZSSUsernameTableViewCell.m */,
				4A6EAA031A92A6A4007ADFF8 /* ZSSUsernameTableViewCell.xib */,
				4ADB73AA1A942C0000BB053D /* ZSSSearchTableViewCell.h */,
				4ADB73AB1A942C0000BB053D /* ZSSSearchTableViewCell.m */,
				4ADB73AC1A942C0000BB053D /* ZSSSearchTableViewCell.xib */,
			);
			name = Cells;
			sourceTree = "<group>";
		};
		4A6EAA091A92A6B1007ADFF8 /* Tables */ = {
			isa = PBXGroup;
			children = (
				4AC2B2031AC067BA006B2EEE /* Settings */,
				4A1969EB1AC33F86001AA6E9 /* Search VC */,
			);
			name = Tables;
			sourceTree = "<group>";
		};
		4AC2B2031AC067BA006B2EEE /* Settings */ = {
			isa = PBXGroup;
			children = (
				4AA5BB351AC060EB00CE458A /* ZSSNetworkSettingsTableViewController.h */,
				4AA5BB361AC060EB00CE458A /* ZSSNetworkSettingsTableViewController.m */,
			);
			name = Settings;
			sourceTree = "<group>";
		};
		4ADB73A91A942BE000BB053D /* Images */ = {
			isa = PBXGroup;
			children = (
				4A32DD471A95950800449F95 /* github.png */,
				4A32DD481A95950800449F95 /* instagram.png */,
				4A32DD491A95950800449F95 /* pinterest.png */,
				4A32DD4A1A95950800449F95 /* tumblr.png */,
				4A32DD4B1A95950800449F95 /* twitter.png */,
				4AC2B2061AC06976006B2EEE /* dribbble.png */,
				4AC2B2041AC06966006B2EEE /* ebay.png */,
				4AC2B2081AC06998006B2EEE /* behance.png */,
				4AC2B20A1AC069F2006B2EEE /* deviantart.png */,
				4AC2B20B1AC069F2006B2EEE /* etsy.png */,
				4AC2B20C1AC069F2006B2EEE /* flickr.png */,
				4AC2B20D1AC069F2006B2EEE /* googleplus.png */,
				4AC2B20E1AC069F2006B2EEE /* kickstarter.png */,
				4AC2B20F1AC069F2006B2EEE /* reddit.png */,
				4AC2B2101AC069F2006B2EEE /* soundcloud.png */,
				4AC2B2111AC069F2006B2EEE /* spotify.png */,
				4AC2B2121AC069F2006B2EEE /* vimeo.png */,
				4AC2B2131AC069F2006B2EEE /* wordpress.png */,
				4AC2B2141AC069F2006B2EEE /* youtube.png */,
				4A99A1111ADC5DB100EDE154 /* Blogger.png */,
				4AC2B2201AC06A76006B2EEE /* imgur.png */,
				4AC2B2221AC06AB3006B2EEE /* gravatar.jpg */,
				4AC2B2261AC06B22006B2EEE /* kickasstorrents.png */,
				4AC2B2341AC082B8006B2EEE /* piratebay.png */,
				4AC2B2281AC07F0B006B2EEE /* verge.png */,
				4AC2B2291AC07F0B006B2EEE /* icon.png */,
				4AC2B22A1AC07F0B006B2EEE /* ign.jpg */,
				4AC2B22B1AC07F0B006B2EEE /* WikipediaW.png */,
				4AC2B22C1AC07F0B006B2EEE /* lifehacker.png */,
				4AC2B22D1AC07F0B006B2EEE /* Twitch.png */,
				4AC2B2241AC06ACD006B2EEE /* aboutme.png */,
				4AC2B2361AC08321006B2EEE /* okcupid.png */,
				4A99A0AB1ADC5BAE00EDE154 /* Alibaba.png */,
				4A99A0AC1ADC5BAE00EDE154 /* Aviary.png */,
				4A99A0AD1ADC5BAE00EDE154 /* Badoo.png */,
				4A99A0AE1ADC5BAE00EDE154 /* BandCamp.png */,
				4A99A0AF1ADC5BAE00EDE154 /* Beatport.jpg */,
				4A99A0B01ADC5BAE00EDE154 /* BitLy.png */,
				4A99A0B11ADC5BAE00EDE154 /* BlinkList.png */,
				4A99A0B21ADC5BAE00EDE154 /* BlipFM.png */,
				4A99A0B31ADC5BAE00EDE154 /* BlipTV.png */,
				4A99A0B41ADC5BAE00EDE154 /* Blogger.jpg */,
				4A99A0B51ADC5BAE00EDE154 /* BuzzFeed.png */,
				4A99A0B61ADC5BAE00EDE154 /* Buzznet.png */,
				4A99A0B71ADC5BAE00EDE154 /* CafeMom.jpg */,
				4A99A0B81ADC5BAE00EDE154 /* Delicious.png */,
				4A99A0B91ADC5BAE00EDE154 /* Digg.jpg */,
				4A99A0BA1ADC5BAE00EDE154 /* Disqus.svg */,
				4A99A0BB1ADC5BAE00EDE154 /* Elance.jpg */,
				4A99A0BC1ADC5BAE00EDE154 /* Fanpop.jpg */,
				4A99A0BD1ADC5BAE00EDE154 /* Flavors.png */,
				4A99A0BE1ADC5BAE00EDE154 /* FoodSpotting.png */,
				4A99A0BF1ADC5BAE00EDE154 /* Fotolog.jpg */,
				4A99A0C01ADC5BAE00EDE154 /* FourSquare.png */,
				4A99A1271ADC5FEF00EDE154 /* Digg.png */,
				4A99A1281ADC5FEF00EDE154 /* Disqus.png */,
				4A99A1291ADC5FEF00EDE154 /* Elance.png */,
				4A99A12A1ADC5FEF00EDE154 /* Fanpop.png */,
				4A99A12B1ADC5FEF00EDE154 /* Fotolog.png */,
				4A99A12C1ADC5FEF00EDE154 /* HackerNews.png */,
				4A99A12D1ADC5FEF00EDE154 /* HubPages.png */,
				4A99A12E1ADC5FEF00EDE154 /* Photobucket.png */,
				4A99A0C11ADC5BAE00EDE154 /* GogoBot.jpg */,
				4A99A0C21ADC5BAE00EDE154 /* HackerNews.ico */,
				4A99A0C31ADC5BAE00EDE154 /* HubPages.gif */,
				4A99A0C41ADC5BAE00EDE154 /* Hulu.png */,
				4A99A0C51ADC5BAE00EDE154 /* ImageShack.png */,
				4A99A0C61ADC5BAE00EDE154 /* Instructables.png */,
				4A99A0C71ADC5BAE00EDE154 /* Kaboodle.png */,
				4A99A0C81ADC5BAE00EDE154 /* Kongregate.png */,
				4A99A0C91ADC5BAE00EDE154 /* LastFM.png */,
				4A99A0CA1ADC5BAE00EDE154 /* LinkedIn.png */,
				4A99A0CB1ADC5BAE00EDE154 /* LiveJournal.png */,
				4A99A0CC1ADC5BAE00EDE154 /* LiveLeak.png */,
				4A99A0CD1ADC5BAE00EDE154 /* MySpace.png */,
				4A99A0CE1ADC5BAE00EDE154 /* Netvibes.png */,
				4A99A0CF1ADC5BAE00EDE154 /* Plancast.jpeg */,
				4A99A0D01ADC5BAE00EDE154 /* PlayStationNetwork.jpg */,
				4A99A0D11ADC5BAE00EDE154 /* Scribd.png */,
				4A99A0D21ADC5BAE00EDE154 /* Slack.jpeg */,
				4A99A0D31ADC5BAE00EDE154 /* SoupIO.png */,
				4A99A0D41ADC5BAE00EDE154 /* Steam.jpeg */,
				4A99A1131ADC5E0000EDE154 /* Beatport.png */,
				4A99A1141ADC5E0000EDE154 /* CafeMom.png */,
				4A99A1151ADC5E0000EDE154 /* Fotolog.png */,
				4A99A1161ADC5E0000EDE154 /* GogoBot.png */,
				4A99A1171ADC5E0000EDE154 /* PlayStationNetwork.png */,
				4A99A1181ADC5E0000EDE154 /* Xanga.png */,
				4A99A1191ADC5E0000EDE154 /* XboxGamertag.png */,
				4A99A0D51ADC5BAE00EDE154 /* StumbleUpon.png */,
				4A99A1211ADC5E4100EDE154 /* Plancast.png */,
				4A99A1221ADC5E4100EDE154 /* Slack.png */,
				4A99A1231ADC5E4100EDE154 /* Steam.png */,
				4A99A0D61ADC5BAE00EDE154 /* Technorati.png */,
				4A99A0D71ADC5BAE00EDE154 /* TripAdvisor.png */,
				4A99A0D81ADC5BAE00EDE154 /* Tripit.png */,
				4A99A0D91ADC5BAE00EDE154 /* UStream.png */,
				4A99A0DA1ADC5BAE00EDE154 /* Viddler.png */,
				4A99A0DB1ADC5BAE00EDE154 /* WeFollow.png */,
				4A99A0DC1ADC5BAE00EDE154 /* Xanga.jpg */,
				4A99A0DD1ADC5BAE00EDE154 /* XboxGamertag.jpg */,
				4ADB73B91A94307500BB053D /* Cancel-33.png */,
				4ADB73BA1A94307500BB053D /* Cancel-66.png */,
				4ADB73BB1A94307500BB053D /* Cancel-99.png */,
				4ADB73BC1A94307500BB053D /* Checkmark-33.png */,
				4ADB73BD1A94307500BB053D /* Checkmark-66.png */,
				4ADB73BE1A94307500BB053D /* Checkmark-99.png */,
				4A12A3981A92BF7400255534 /* left_filled-99-2.png */,
				4A12A3991A92BF7400255534 /* left_filled-66-2.png */,
				4A12A39A1A92BF7400255534 /* left_filled-33-2.png */,
				4AB2F1EA1AC18D0B0066090A /* Settings Filled-99.png */,
				4AB2F1EB1AC18D0B0066090A /* Settings Filled-66.png */,
				4AB2F1EC1AC18D0B0066090A /* Settings Filled-33-2.png */,
				4A89EA151ACCB4160094A75C /* iPhoneIcon@3x.png */,
			);
			name = Images;
			sourceTree = "<group>";
		};
		F7B86E0B0D712F3B273DCDC1 /* Pods */ = {
			isa = PBXGroup;
			children = (
				FFA06A8E52BBB22393803699 /* Pods-Get Short Usernames.debug.xcconfig */,
				85422DE9F116E552BA43C7C9 /* Pods-Get Short Usernames.release.xcconfig */,
				1281F4DACB9D04259C957572 /* Pods-Get Short UsernamesTests.debug.xcconfig */,
				90D491E524F833C3F4F060B9 /* Pods-Get Short UsernamesTests.release.xcconfig */,
			);
			name = Pods;
			sourceTree = "<group>";
		};
/* End PBXGroup section */

/* Begin PBXNativeTarget section */
		4A0378D41A92A412000D5B7C /* Get Short Usernames */ = {
			isa = PBXNativeTarget;
			buildConfigurationList = 4A0378F81A92A413000D5B7C /* Build configuration list for PBXNativeTarget "Get Short Usernames" */;
			buildPhases = (
				49961130D346789048E839ED /* Check Pods Manifest.lock */,
				4A0378D11A92A412000D5B7C /* Sources */,
				4A0378D21A92A412000D5B7C /* Frameworks */,
				4A0378D31A92A412000D5B7C /* Resources */,
				54A7966AA12D252E3AFF6A05 /* Copy Pods Resources */,
				4A1952D01AC5E09D00C9F544 /* Embed App Extensions */,
			);
			buildRules = (
			);
			dependencies = (
			);
			name = "Get Short Usernames";
			productName = "Get Short Usernames";
			productReference = 4A0378D51A92A412000D5B7C /* Usernames.app */;
			productType = "com.apple.product-type.application";
		};
/* End PBXNativeTarget section */

/* Begin PBXProject section */
		4A0378CD1A92A412000D5B7C /* Project object */ = {
			isa = PBXProject;
			attributes = {
				LastUpgradeCheck = 0610;
				ORGANIZATIONNAME = "Shkeek Inc.";
				TargetAttributes = {
					4A0378D41A92A412000D5B7C = {
						CreatedOnToolsVersion = 6.1.1;
						DevelopmentTeam = 9EFTW5NYHY;
					};
				};
			};
			buildConfigurationList = 4A0378D01A92A412000D5B7C /* Build configuration list for PBXProject "Usernames" */;
			compatibilityVersion = "Xcode 3.2";
			developmentRegion = English;
			hasScannedForEncodings = 0;
			knownRegions = (
				en,
				Base,
			);
			mainGroup = 4A0378CC1A92A412000D5B7C;
			productRefGroup = 4A0378D61A92A412000D5B7C /* Products */;
			projectDirPath = "";
			projectRoot = "";
			targets = (
				4A0378D41A92A412000D5B7C /* Get Short Usernames */,
			);
		};
/* End PBXProject section */

/* Begin PBXResourcesBuildPhase section */
		4A0378D31A92A412000D5B7C /* Resources */ = {
			isa = PBXResourcesBuildPhase;
			buildActionMask = 2147483647;
			files = (
				4A99A1081ADC5BAE00EDE154 /* StumbleUpon.png in Resources */,
				4ADB73C01A94307500BB053D /* Cancel-66.png in Resources */,
				4A99A1201ADC5E0000EDE154 /* XboxGamertag.png in Resources */,
				4A99A0E41ADC5BAE00EDE154 /* BlinkList.png in Resources */,
				4AC2B22F1AC07F0B006B2EEE /* icon.png in Resources */,
				4A99A1241ADC5E4100EDE154 /* Plancast.png in Resources */,
				4A99A0FA1ADC5BAE00EDE154 /* Kaboodle.png in Resources */,
				4AC2B21A1AC069F2006B2EEE /* reddit.png in Resources */,
				4A99A0FD1ADC5BAE00EDE154 /* LinkedIn.png in Resources */,
				4A99A0E21ADC5BAE00EDE154 /* Beatport.jpg in Resources */,
				4AC2B21E1AC069F2006B2EEE /* wordpress.png in Resources */,
				4A99A10B1ADC5BAE00EDE154 /* Tripit.png in Resources */,
				4A99A1051ADC5BAE00EDE154 /* Slack.jpeg in Resources */,
				4A99A1061ADC5BAE00EDE154 /* SoupIO.png in Resources */,
				4A99A1261ADC5E4100EDE154 /* Steam.png in Resources */,
				4AC2B2151AC069F2006B2EEE /* deviantart.png in Resources */,
				4AC2B22E1AC07F0B006B2EEE /* verge.png in Resources */,
				4A1969F01AC33FA4001AA6E9 /* ZSSPurchaseViewController.xib in Resources */,
				4A99A1031ADC5BAE00EDE154 /* PlayStationNetwork.jpg in Resources */,
				4AC2B2181AC069F2006B2EEE /* googleplus.png in Resources */,
				4AC2B2231AC06AB3006B2EEE /* gravatar.jpg in Resources */,
				4A99A11C1ADC5E0000EDE154 /* Fotolog.png in Resources */,
				4A99A0FE1ADC5BAE00EDE154 /* LiveJournal.png in Resources */,
				4A99A1091ADC5BAE00EDE154 /* Technorati.png in Resources */,
				4AB2F1EF1AC18D0B0066090A /* Settings Filled-33-2.png in Resources */,
				4A99A0E71ADC5BAE00EDE154 /* Blogger.jpg in Resources */,
				4A49DAF01A92E9B800C17370 /* Keys.plist in Resources */,
				4A99A1001ADC5BAE00EDE154 /* MySpace.png in Resources */,
				4AC2B2271AC06B22006B2EEE /* kickasstorrents.png in Resources */,
				4A99A10F1ADC5BAE00EDE154 /* Xanga.jpg in Resources */,
				4A6EAA071A92A6A4007ADFF8 /* ZSSUsernameTableViewCell.xib in Resources */,
				4A99A10C1ADC5BAE00EDE154 /* UStream.png in Resources */,
				4A99A11E1ADC5E0000EDE154 /* PlayStationNetwork.png in Resources */,
				4A99A0F31ADC5BAE00EDE154 /* FourSquare.png in Resources */,
				4AC2B2091AC06998006B2EEE /* behance.png in Resources */,
				4AC2B2191AC069F2006B2EEE /* kickstarter.png in Resources */,
				4AC2B2161AC069F2006B2EEE /* etsy.png in Resources */,
				4A99A1331ADC5FEF00EDE154 /* Fotolog.png in Resources */,
				4A99A11B1ADC5E0000EDE154 /* CafeMom.png in Resources */,
				4ADB73AE1A942C0000BB053D /* ZSSSearchTableViewCell.xib in Resources */,
				4A99A0DE1ADC5BAE00EDE154 /* Alibaba.png in Resources */,
				4A99A0F41ADC5BAE00EDE154 /* GogoBot.jpg in Resources */,
				4AC2B2371AC08321006B2EEE /* okcupid.png in Resources */,
				4A99A0DF1ADC5BAE00EDE154 /* Aviary.png in Resources */,
				4A99A1341ADC5FEF00EDE154 /* HackerNews.png in Resources */,
				4AC2B2331AC07F0B006B2EEE /* Twitch.png in Resources */,
				4A89EA161ACCB4160094A75C /* iPhoneIcon@3x.png in Resources */,
				4AC2B2351AC082B8006B2EEE /* piratebay.png in Resources */,
				4ADB73C21A94307500BB053D /* Checkmark-33.png in Resources */,
				4A99A12F1ADC5FEF00EDE154 /* Digg.png in Resources */,
				4ADB73C11A94307500BB053D /* Cancel-99.png in Resources */,
				4AC2B21C1AC069F2006B2EEE /* spotify.png in Resources */,
				4A99A0ED1ADC5BAE00EDE154 /* Disqus.svg in Resources */,
				4A99A0F21ADC5BAE00EDE154 /* Fotolog.jpg in Resources */,
				4AB2F1ED1AC18D0B0066090A /* Settings Filled-99.png in Resources */,
				4A99A0F51ADC5BAE00EDE154 /* HackerNews.ico in Resources */,
				4AC2B2171AC069F2006B2EEE /* flickr.png in Resources */,
				4A99A1121ADC5DB100EDE154 /* Blogger.png in Resources */,
				4AC2B2211AC06A76006B2EEE /* imgur.png in Resources */,
				4AC2B2311AC07F0B006B2EEE /* WikipediaW.png in Resources */,
				4A99A0E81ADC5BAE00EDE154 /* BuzzFeed.png in Resources */,
				4A32DD4E1A95950800449F95 /* pinterest.png in Resources */,
				4A99A0F81ADC5BAE00EDE154 /* ImageShack.png in Resources */,
				4AC2B2071AC06976006B2EEE /* dribbble.png in Resources */,
				4AC2B21F1AC069F2006B2EEE /* youtube.png in Resources */,
				4AC2B2301AC07F0B006B2EEE /* ign.jpg in Resources */,
				4A12A39C1A92BF7400255534 /* left_filled-66-2.png in Resources */,
				4A99A0EC1ADC5BAE00EDE154 /* Digg.jpg in Resources */,
				4A99A1351ADC5FEF00EDE154 /* HubPages.png in Resources */,
				4A99A0E61ADC5BAE00EDE154 /* BlipTV.png in Resources */,
				4A99A0E31ADC5BAE00EDE154 /* BitLy.png in Resources */,
				4A99A0EB1ADC5BAE00EDE154 /* Delicious.png in Resources */,
				4A99A1321ADC5FEF00EDE154 /* Fanpop.png in Resources */,
				4AC2B2051AC06966006B2EEE /* ebay.png in Resources */,
				4AC2B2251AC06ACD006B2EEE /* aboutme.png in Resources */,
				4A99A11A1ADC5E0000EDE154 /* Beatport.png in Resources */,
				4A99A1011ADC5BAE00EDE154 /* Netvibes.png in Resources */,
				4A99A0EE1ADC5BAE00EDE154 /* Elance.jpg in Resources */,
				4A99A0E11ADC5BAE00EDE154 /* BandCamp.png in Resources */,
				4A99A10E1ADC5BAE00EDE154 /* WeFollow.png in Resources */,
				4A32DD4C1A95950800449F95 /* github.png in Resources */,
				4A99A10A1ADC5BAE00EDE154 /* TripAdvisor.png in Resources */,
				4A99A1251ADC5E4100EDE154 /* Slack.png in Resources */,
				4AB2F1EE1AC18D0B0066090A /* Settings Filled-66.png in Resources */,
				4A99A0FB1ADC5BAE00EDE154 /* Kongregate.png in Resources */,
				4A99A0F91ADC5BAE00EDE154 /* Instructables.png in Resources */,
				4A99A0FF1ADC5BAE00EDE154 /* LiveLeak.png in Resources */,
				4A99A0E51ADC5BAE00EDE154 /* BlipFM.png in Resources */,
				4A99A0EF1ADC5BAE00EDE154 /* Fanpop.jpg in Resources */,
				4A32DD4F1A95950800449F95 /* tumblr.png in Resources */,
				4A99A0F71ADC5BAE00EDE154 /* Hulu.png in Resources */,
				4A99A0F61ADC5BAE00EDE154 /* HubPages.gif in Resources */,
				4A99A0E91ADC5BAE00EDE154 /* Buzznet.png in Resources */,
				4AC2B21B1AC069F2006B2EEE /* soundcloud.png in Resources */,
				4AC2B2321AC07F0B006B2EEE /* lifehacker.png in Resources */,
				4A0378E91A92A412000D5B7C /* LaunchScreen.xib in Resources */,
				4A99A11F1ADC5E0000EDE154 /* Xanga.png in Resources */,
				4A99A10D1ADC5BAE00EDE154 /* Viddler.png in Resources */,
				4A99A1301ADC5FEF00EDE154 /* Disqus.png in Resources */,
				4A99A0F01ADC5BAE00EDE154 /* Flavors.png in Resources */,
				4A12A39B1A92BF7400255534 /* left_filled-99-2.png in Resources */,
				4A99A0F11ADC5BAE00EDE154 /* FoodSpotting.png in Resources */,
				4ADB73BF1A94307500BB053D /* Cancel-33.png in Resources */,
				4A99A11D1ADC5E0000EDE154 /* GogoBot.png in Resources */,
				4A32DD501A95950800449F95 /* twitter.png in Resources */,
				4A99A0FC1ADC5BAE00EDE154 /* LastFM.png in Resources */,
				4A99A1101ADC5BAE00EDE154 /* XboxGamertag.jpg in Resources */,
				4A12A39D1A92BF7400255534 /* left_filled-33-2.png in Resources */,
				4A32DD4D1A95950800449F95 /* instagram.png in Resources */,
				4ADB73C41A94307500BB053D /* Checkmark-99.png in Resources */,
				4ADB73C31A94307500BB053D /* Checkmark-66.png in Resources */,
				4A99A1311ADC5FEF00EDE154 /* Elance.png in Resources */,
				4A0378E61A92A412000D5B7C /* Images.xcassets in Resources */,
				4A99A1041ADC5BAE00EDE154 /* Scribd.png in Resources */,
				4AC2B21D1AC069F2006B2EEE /* vimeo.png in Resources */,
				4A99A1071ADC5BAE00EDE154 /* Steam.jpeg in Resources */,
				4A99A1021ADC5BAE00EDE154 /* Plancast.jpeg in Resources */,
				4A6EAA051A92A6A4007ADFF8 /* ZSSNetworkTableViewCell.xib in Resources */,
				4A89EA141ACCB13A0094A75C /* ZSSNetworkSelectCell.xib in Resources */,
				4A99A0E01ADC5BAE00EDE154 /* Badoo.png in Resources */,
				4A99A1361ADC5FEF00EDE154 /* Photobucket.png in Resources */,
				4A99A0EA1ADC5BAE00EDE154 /* CafeMom.jpg in Resources */,
			);
			runOnlyForDeploymentPostprocessing = 0;
		};
/* End PBXResourcesBuildPhase section */

/* Begin PBXShellScriptBuildPhase section */
		49961130D346789048E839ED /* Check Pods Manifest.lock */ = {
			isa = PBXShellScriptBuildPhase;
			buildActionMask = 2147483647;
			files = (
			);
			inputPaths = (
			);
			name = "Check Pods Manifest.lock";
			outputPaths = (
			);
			runOnlyForDeploymentPostprocessing = 0;
			shellPath = /bin/sh;
			shellScript = "diff \"${PODS_ROOT}/../Podfile.lock\" \"${PODS_ROOT}/Manifest.lock\" > /dev/null\nif [[ $? != 0 ]] ; then\n    cat << EOM\nerror: The sandbox is not in sync with the Podfile.lock. Run 'pod install' or update your CocoaPods installation.\nEOM\n    exit 1\nfi\n";
			showEnvVarsInLog = 0;
		};
		54A7966AA12D252E3AFF6A05 /* Copy Pods Resources */ = {
			isa = PBXShellScriptBuildPhase;
			buildActionMask = 2147483647;
			files = (
			);
			inputPaths = (
			);
			name = "Copy Pods Resources";
			outputPaths = (
			);
			runOnlyForDeploymentPostprocessing = 0;
			shellPath = /bin/sh;
			shellScript = "\"${SRCROOT}/Pods/Target Support Files/Pods-Get Short Usernames/Pods-Get Short Usernames-resources.sh\"\n";
			showEnvVarsInLog = 0;
		};
/* End PBXShellScriptBuildPhase section */

/* Begin PBXSourcesBuildPhase section */
		4A0378D11A92A412000D5B7C /* Sources */ = {
			isa = PBXSourcesBuildPhase;
			buildActionMask = 2147483647;
			files = (
				4AA5BB371AC060EB00CE458A /* ZSSNetworkSettingsTableViewController.m in Sources */,
				4A89EA131ACCB13A0094A75C /* ZSSNetworkSelectCell.m in Sources */,
				4A12A3971A92B69900255534 /* UIColor+Flat.m in Sources */,
				4AA5BB341AC0487500CE458A /* ZSSNetworkQuerier.m in Sources */,
				4A6EAA061A92A6A4007ADFF8 /* ZSSUsernameTableViewCell.m in Sources */,
				4A6EAA041A92A6A4007ADFF8 /* ZSSNetworkTableViewCell.m in Sources */,
				4AE792721AC30CC9009C1788 /* ZSSPurchaseQuerier.m in Sources */,
				4ACF03A31AC4D02E00AF5D69 /* ZSSIAPHelper.m in Sources */,
				4ADB73AD1A942C0000BB053D /* ZSSSearchTableViewCell.m in Sources */,
				4AB2F1F21AC19A350066090A /* UIImage+Logos.m in Sources */,
				4A12A3A81A92E48400255534 /* RKDropdownAlert.m in Sources */,
				4A0378DE1A92A412000D5B7C /* AppDelegate.m in Sources */,
				4A1969EF1AC33FA4001AA6E9 /* ZSSPurchaseViewController.m in Sources */,
				4A0378DB1A92A412000D5B7C /* main.m in Sources */,
				4A49DB0B1A9371F000C17370 /* ZSSSearchUsernameTableViewController.m in Sources */,
				4ACF03A01AC4CEF600AF5D69 /* IAPHelper.m in Sources */,
				4A6EAA0C1A92A6C2007ADFF8 /* ZSSCloudQuerier.m in Sources */,
			);
			runOnlyForDeploymentPostprocessing = 0;
		};
/* End PBXSourcesBuildPhase section */

/* Begin PBXVariantGroup section */
		4A0378E71A92A412000D5B7C /* LaunchScreen.xib */ = {
			isa = PBXVariantGroup;
			children = (
				4A0378E81A92A412000D5B7C /* Base */,
			);
			name = LaunchScreen.xib;
			sourceTree = "<group>";
		};
/* End PBXVariantGroup section */

/* Begin XCBuildConfiguration section */
		4A0378F61A92A413000D5B7C /* Debug */ = {
			isa = XCBuildConfiguration;
			buildSettings = {
				ALWAYS_SEARCH_USER_PATHS = NO;
				CLANG_CXX_LANGUAGE_STANDARD = "gnu++0x";
				CLANG_CXX_LIBRARY = "libc++";
				CLANG_ENABLE_MODULES = YES;
				CLANG_ENABLE_OBJC_ARC = YES;
				CLANG_WARN_BOOL_CONVERSION = YES;
				CLANG_WARN_CONSTANT_CONVERSION = YES;
				CLANG_WARN_DIRECT_OBJC_ISA_USAGE = YES_ERROR;
				CLANG_WARN_EMPTY_BODY = YES;
				CLANG_WARN_ENUM_CONVERSION = YES;
				CLANG_WARN_INT_CONVERSION = YES;
				CLANG_WARN_OBJC_ROOT_CLASS = YES_ERROR;
				CLANG_WARN_UNREACHABLE_CODE = YES;
				CLANG_WARN__DUPLICATE_METHOD_MATCH = YES;
				"CODE_SIGN_IDENTITY[sdk=iphoneos*]" = "iPhone Developer";
				COPY_PHASE_STRIP = NO;
				ENABLE_STRICT_OBJC_MSGSEND = YES;
				GCC_C_LANGUAGE_STANDARD = gnu99;
				GCC_DYNAMIC_NO_PIC = NO;
				GCC_OPTIMIZATION_LEVEL = 0;
				GCC_PREPROCESSOR_DEFINITIONS = (
					"DEBUG=1",
					"$(inherited)",
				);
				GCC_SYMBOLS_PRIVATE_EXTERN = NO;
				GCC_WARN_64_TO_32_BIT_CONVERSION = YES;
				GCC_WARN_ABOUT_RETURN_TYPE = YES_ERROR;
				GCC_WARN_UNDECLARED_SELECTOR = YES;
				GCC_WARN_UNINITIALIZED_AUTOS = YES_AGGRESSIVE;
				GCC_WARN_UNUSED_FUNCTION = YES;
				GCC_WARN_UNUSED_VARIABLE = YES;
				IPHONEOS_DEPLOYMENT_TARGET = 8.0;
				MTL_ENABLE_DEBUG_INFO = YES;
				ONLY_ACTIVE_ARCH = YES;
				SDKROOT = iphoneos;
			};
			name = Debug;
		};
		4A0378F71A92A413000D5B7C /* Release */ = {
			isa = XCBuildConfiguration;
			buildSettings = {
				ALWAYS_SEARCH_USER_PATHS = NO;
				CLANG_CXX_LANGUAGE_STANDARD = "gnu++0x";
				CLANG_CXX_LIBRARY = "libc++";
				CLANG_ENABLE_MODULES = YES;
				CLANG_ENABLE_OBJC_ARC = YES;
				CLANG_WARN_BOOL_CONVERSION = YES;
				CLANG_WARN_CONSTANT_CONVERSION = YES;
				CLANG_WARN_DIRECT_OBJC_ISA_USAGE = YES_ERROR;
				CLANG_WARN_EMPTY_BODY = YES;
				CLANG_WARN_ENUM_CONVERSION = YES;
				CLANG_WARN_INT_CONVERSION = YES;
				CLANG_WARN_OBJC_ROOT_CLASS = YES_ERROR;
				CLANG_WARN_UNREACHABLE_CODE = YES;
				CLANG_WARN__DUPLICATE_METHOD_MATCH = YES;
				"CODE_SIGN_IDENTITY[sdk=iphoneos*]" = "iPhone Developer";
				COPY_PHASE_STRIP = YES;
				ENABLE_NS_ASSERTIONS = NO;
				ENABLE_STRICT_OBJC_MSGSEND = YES;
				GCC_C_LANGUAGE_STANDARD = gnu99;
				GCC_WARN_64_TO_32_BIT_CONVERSION = YES;
				GCC_WARN_ABOUT_RETURN_TYPE = YES_ERROR;
				GCC_WARN_UNDECLARED_SELECTOR = YES;
				GCC_WARN_UNINITIALIZED_AUTOS = YES_AGGRESSIVE;
				GCC_WARN_UNUSED_FUNCTION = YES;
				GCC_WARN_UNUSED_VARIABLE = YES;
				IPHONEOS_DEPLOYMENT_TARGET = 8.0;
				MTL_ENABLE_DEBUG_INFO = NO;
				SDKROOT = iphoneos;
				VALIDATE_PRODUCT = YES;
			};
			name = Release;
		};
		4A0378F91A92A413000D5B7C /* Debug */ = {
			isa = XCBuildConfiguration;
			baseConfigurationReference = FFA06A8E52BBB22393803699 /* Pods-Get Short Usernames.debug.xcconfig */;
			buildSettings = {
				ASSETCATALOG_COMPILER_APPICON_NAME = AppIcon;
				CODE_SIGN_IDENTITY = "iPhone Developer";
				"CODE_SIGN_IDENTITY[sdk=iphoneos*]" = "iPhone Developer";
				INFOPLIST_FILE = "Get Short Usernames/Info.plist";
				IPHONEOS_DEPLOYMENT_TARGET = 8.0;
				LD_RUNPATH_SEARCH_PATHS = "$(inherited) @executable_path/Frameworks";
				PRODUCT_NAME = Usernames;
				PROVISIONING_PROFILE = "2a980103-bff3-477a-9ced-520e83be1be5";
			};
			name = Debug;
		};
		4A0378FA1A92A413000D5B7C /* Release */ = {
			isa = XCBuildConfiguration;
			baseConfigurationReference = 85422DE9F116E552BA43C7C9 /* Pods-Get Short Usernames.release.xcconfig */;
			buildSettings = {
				ASSETCATALOG_COMPILER_APPICON_NAME = AppIcon;
				CODE_SIGN_IDENTITY = "iPhone Distribution: Zachary Shakked (9EFTW5NYHY)";
				"CODE_SIGN_IDENTITY[sdk=iphoneos*]" = "iPhone Distribution: Zachary Shakked (9EFTW5NYHY)";
				INFOPLIST_FILE = "Get Short Usernames/Info.plist";
				IPHONEOS_DEPLOYMENT_TARGET = 8.0;
				LD_RUNPATH_SEARCH_PATHS = "$(inherited) @executable_path/Frameworks";
				PRODUCT_NAME = Usernames;
				PROVISIONING_PROFILE = "2453e03d-0fb1-49b8-bcaf-94ba28ca25fa";
			};
			name = Release;
		};
/* End XCBuildConfiguration section */

/* Begin XCConfigurationList section */
		4A0378D01A92A412000D5B7C /* Build configuration list for PBXProject "Usernames" */ = {
			isa = XCConfigurationList;
			buildConfigurations = (
				4A0378F61A92A413000D5B7C /* Debug */,
				4A0378F71A92A413000D5B7C /* Release */,
			);
			defaultConfigurationIsVisible = 0;
			defaultConfigurationName = Release;
		};
		4A0378F81A92A413000D5B7C /* Build configuration list for PBXNativeTarget "Get Short Usernames" */ = {
			isa = XCConfigurationList;
			buildConfigurations = (
				4A0378F91A92A413000D5B7C /* Debug */,
				4A0378FA1A92A413000D5B7C /* Release */,
			);
			defaultConfigurationIsVisible = 0;
			defaultConfigurationName = Release;
		};
/* End XCConfigurationList section */
	};
	rootObject = 4A0378CD1A92A412000D5B7C /* Project object */;
}
